// !$*UTF8*$!
{
	archiveVersion = 1;
	classes = {
	};
	objectVersion = 55;
	objects = {

/* Begin PBXBuildFile section */
		110A4C5028717E070046C2C1 /* UserViewModel.swift in Sources */ = {isa = PBXBuildFile; fileRef = 110A4C4F28717E070046C2C1 /* UserViewModel.swift */; };
		11166AC02869C08300E32B87 /* Alphabet.swift in Sources */ = {isa = PBXBuildFile; fileRef = 11166ABF2869C08300E32B87 /* Alphabet.swift */; };
		111C65032871B7AA0075DF47 /* View+Ext.swift in Sources */ = {isa = PBXBuildFile; fileRef = 111C65022871B7AA0075DF47 /* View+Ext.swift */; };
		111C65062871C5FA0075DF47 /* MiniProfileView.swift in Sources */ = {isa = PBXBuildFile; fileRef = 111C65052871C5FA0075DF47 /* MiniProfileView.swift */; };
		111C650C287206410075DF47 /* MiniReminderView.swift in Sources */ = {isa = PBXBuildFile; fileRef = 111C650B287206410075DF47 /* MiniReminderView.swift */; };
		1124C0B32872229100CAD128 /* CustomLessonsView.swift in Sources */ = {isa = PBXBuildFile; fileRef = 1124C0B22872229100CAD128 /* CustomLessonsView.swift */; };
		1124C0B7287291BF00CAD128 /* Color+Ext.swift in Sources */ = {isa = PBXBuildFile; fileRef = 1124C0B6287291BF00CAD128 /* Color+Ext.swift */; };
		1124C0BC2872A1E200CAD128 /* LessonAlphabetsView.swift in Sources */ = {isa = PBXBuildFile; fileRef = 1124C0BB2872A1E200CAD128 /* LessonAlphabetsView.swift */; };
		1124C0BE2872A8DE00CAD128 /* HowToPlayView.swift in Sources */ = {isa = PBXBuildFile; fileRef = 1124C0BD2872A8DE00CAD128 /* HowToPlayView.swift */; };
		1124C0C02872A97700CAD128 /* Font+Ext.swift in Sources */ = {isa = PBXBuildFile; fileRef = 1124C0BF2872A97700CAD128 /* Font+Ext.swift */; };
		1124C0C22872B10500CAD128 /* UserAlphabetCardView.swift in Sources */ = {isa = PBXBuildFile; fileRef = 1124C0C12872B10500CAD128 /* UserAlphabetCardView.swift */; };
		1124C0C62872FA6900CAD128 /* AudioService.swift in Sources */ = {isa = PBXBuildFile; fileRef = 1124C0C52872FA6900CAD128 /* AudioService.swift */; };
		112B08472870107000905CE5 /* .gitignore in Resources */ = {isa = PBXBuildFile; fileRef = 112B08462870107000905CE5 /* .gitignore */; };
		112B08492870120400905CE5 /* AlphabetService.swift in Sources */ = {isa = PBXBuildFile; fileRef = 112B08482870120400905CE5 /* AlphabetService.swift */; };
		112BBA27286C8FF20039377A /* ReminderRepository.swift in Sources */ = {isa = PBXBuildFile; fileRef = 112BBA26286C8FF20039377A /* ReminderRepository.swift */; };
		112BBA2F286CC60C0039377A /* UserRepository.swift in Sources */ = {isa = PBXBuildFile; fileRef = 112BBA2E286CC60C0039377A /* UserRepository.swift */; };
		114CDF172866A05D0008273B /* LexPlayApp.swift in Sources */ = {isa = PBXBuildFile; fileRef = 114CDF162866A05D0008273B /* LexPlayApp.swift */; };
		114CDF1B2866A0600008273B /* Assets.xcassets in Resources */ = {isa = PBXBuildFile; fileRef = 114CDF1A2866A0600008273B /* Assets.xcassets */; };
		114CDF1E2866A0600008273B /* Preview Assets.xcassets in Resources */ = {isa = PBXBuildFile; fileRef = 114CDF1D2866A0600008273B /* Preview Assets.xcassets */; };
		114CDF202866A0600008273B /* Persistence.swift in Sources */ = {isa = PBXBuildFile; fileRef = 114CDF1F2866A0600008273B /* Persistence.swift */; };
		114CDF232866A0600008273B /* LexPlay.xcdatamodeld in Sources */ = {isa = PBXBuildFile; fileRef = 114CDF212866A0600008273B /* LexPlay.xcdatamodeld */; };
		11587179288075AC00E7FF37 /* ContentView.swift in Sources */ = {isa = PBXBuildFile; fileRef = 11587178288075AC00E7FF37 /* ContentView.swift */; };
		1160155B2873211B0034CB02 /* DetailLessonView.swift in Sources */ = {isa = PBXBuildFile; fileRef = 1160155A2873211B0034CB02 /* DetailLessonView.swift */; };
		1162D47928752C30006F3D30 /* NSSet+Ext.swift in Sources */ = {isa = PBXBuildFile; fileRef = 1162D47828752C30006F3D30 /* NSSet+Ext.swift */; };
		116CDA7228770AFF002E81A7 /* AudioName.swift in Sources */ = {isa = PBXBuildFile; fileRef = 116CDA7128770AFF002E81A7 /* AudioName.swift */; };
		116CDA7328770C26002E81A7 /* howToPlay.m4a in Resources */ = {isa = PBXBuildFile; fileRef = 167124F728732A2300ACEB28 /* howToPlay.m4a */; };
		1174A155286E93D700BC02BE /* LetterCase.swift in Sources */ = {isa = PBXBuildFile; fileRef = 1174A154286E93D700BC02BE /* LetterCase.swift */; };
		1174A157286ED05700BC02BE /* Seeder.swift in Sources */ = {isa = PBXBuildFile; fileRef = 1174A156286ED05700BC02BE /* Seeder.swift */; };
		1178D3A32868EA02007A23A0 /* SpeechRecognizer.swift in Sources */ = {isa = PBXBuildFile; fileRef = 1178D3A22868EA02007A23A0 /* SpeechRecognizer.swift */; };
		117D8A78287599660016E913 /* NavigationLazyView.swift in Sources */ = {isa = PBXBuildFile; fileRef = 117D8A77287599660016E913 /* NavigationLazyView.swift */; };
		119230D72870AC930033F5B3 /* LessonRepository.swift in Sources */ = {isa = PBXBuildFile; fileRef = 119230D62870AC930033F5B3 /* LessonRepository.swift */; };
		119230DB2870C19D0033F5B3 /* LessonsView.swift in Sources */ = {isa = PBXBuildFile; fileRef = 119230DA2870C19D0033F5B3 /* LessonsView.swift */; };
		11C090AC287303BC00A40230 /* CustomLessonAlphabetsView.swift in Sources */ = {isa = PBXBuildFile; fileRef = 11C090AB287303BC00A40230 /* CustomLessonAlphabetsView.swift */; };
		11D581022875434400027263 /* NSOrderedSet+Ext.swift in Sources */ = {isa = PBXBuildFile; fileRef = 11D581012875434400027263 /* NSOrderedSet+Ext.swift */; };
		11E15919288936D700903E3F /* Assets.xcassets in Resources */ = {isa = PBXBuildFile; fileRef = 11E15918288936D700903E3F /* Assets.xcassets */; };
		11E1591F288936D700903E3F /* AlphaPlay WatchKit Extension.appex in Embed App Extensions */ = {isa = PBXBuildFile; fileRef = 11E1591E288936D700903E3F /* AlphaPlay WatchKit Extension.appex */; settings = {ATTRIBUTES = (RemoveHeadersOnCopy, ); }; };
		11E15924288936D700903E3F /* LexPlayApp.swift in Sources */ = {isa = PBXBuildFile; fileRef = 11E15923288936D700903E3F /* LexPlayApp.swift */; };
		11E15926288936D700903E3F /* ContentView.swift in Sources */ = {isa = PBXBuildFile; fileRef = 11E15925288936D700903E3F /* ContentView.swift */; };
		11E15928288936D700903E3F /* NotificationController.swift in Sources */ = {isa = PBXBuildFile; fileRef = 11E15927288936D700903E3F /* NotificationController.swift */; };
		11E1592A288936D700903E3F /* NotificationView.swift in Sources */ = {isa = PBXBuildFile; fileRef = 11E15929288936D700903E3F /* NotificationView.swift */; };
		11E1592C288936D700903E3F /* ComplicationController.swift in Sources */ = {isa = PBXBuildFile; fileRef = 11E1592B288936D700903E3F /* ComplicationController.swift */; };
		11E1592E288936D800903E3F /* Assets.xcassets in Resources */ = {isa = PBXBuildFile; fileRef = 11E1592D288936D800903E3F /* Assets.xcassets */; };
		11E15931288936D800903E3F /* Preview Assets.xcassets in Resources */ = {isa = PBXBuildFile; fileRef = 11E15930288936D800903E3F /* Preview Assets.xcassets */; };
		11E15936288936D800903E3F /* AlphaPlay.app in Embed Watch Content */ = {isa = PBXBuildFile; fileRef = 11E15916288936D600903E3F /* AlphaPlay.app */; settings = {ATTRIBUTES = (RemoveHeadersOnCopy, ); }; };
		11E15942288937F900903E3F /* OnboardingWatch.swift in Sources */ = {isa = PBXBuildFile; fileRef = 11E1593F288937F900903E3F /* OnboardingWatch.swift */; };
		11E15943288937F900903E3F /* ParentView.swift in Sources */ = {isa = PBXBuildFile; fileRef = 11E15940288937F900903E3F /* ParentView.swift */; };
		11E15944288937F900903E3F /* LettersListView.swift in Sources */ = {isa = PBXBuildFile; fileRef = 11E15941288937F900903E3F /* LettersListView.swift */; };
		11E159452889381000903E3F /* Alphabet.swift in Sources */ = {isa = PBXBuildFile; fileRef = 11166ABF2869C08300E32B87 /* Alphabet.swift */; };
		11E159462889384300903E3F /* UserDefault+Ext.swift in Sources */ = {isa = PBXBuildFile; fileRef = 160250B4286ED7DE008D9D15 /* UserDefault+Ext.swift */; };
		11E15947288938AB00903E3F /* Font+Ext.swift in Sources */ = {isa = PBXBuildFile; fileRef = 1124C0BF2872A97700CAD128 /* Font+Ext.swift */; };
		11E15948288938BA00903E3F /* FontStyle.swift in Sources */ = {isa = PBXBuildFile; fileRef = 160250AC286EA17E008D9D15 /* FontStyle.swift */; };
		11E15950288974DE00903E3F /* RecordingView.swift in Sources */ = {isa = PBXBuildFile; fileRef = 11E1594F288974DE00903E3F /* RecordingView.swift */; };
		11E15952288976A100903E3F /* AudioRecorderViewModel.swift in Sources */ = {isa = PBXBuildFile; fileRef = 11E15951288976A100903E3F /* AudioRecorderViewModel.swift */; };
		11E159542889801000903E3F /* WatchViewModel.swift in Sources */ = {isa = PBXBuildFile; fileRef = 11E159532889801000903E3F /* WatchViewModel.swift */; };
		11E159562889802E00903E3F /* PhoneViewModel.swift in Sources */ = {isa = PBXBuildFile; fileRef = 11E159552889802E00903E3F /* PhoneViewModel.swift */; };
		11E159582889892E00903E3F /* AVAudioSession+Ext.swift in Sources */ = {isa = PBXBuildFile; fileRef = 11E159572889892E00903E3F /* AVAudioSession+Ext.swift */; };
		11E159592889893D00903E3F /* AVAudioSession+Ext.swift in Sources */ = {isa = PBXBuildFile; fileRef = 11E159572889892E00903E3F /* AVAudioSession+Ext.swift */; };
		11E1595B2889982F00903E3F /* SpeechRecognizerService.swift in Sources */ = {isa = PBXBuildFile; fileRef = 11E1595A2889982F00903E3F /* SpeechRecognizerService.swift */; };
		1602507C286C63CD008D9D15 /* CameraAlphabet.swift in Sources */ = {isa = PBXBuildFile; fileRef = 1602507B286C63CD008D9D15 /* CameraAlphabet.swift */; };
		16025080286C6409008D9D15 /* CameraView.swift in Sources */ = {isa = PBXBuildFile; fileRef = 1602507E286C6409008D9D15 /* CameraView.swift */; };
		16025081286C6409008D9D15 /* CameraPreview.swift in Sources */ = {isa = PBXBuildFile; fileRef = 1602507F286C6409008D9D15 /* CameraPreview.swift */; };
		16025083286C642E008D9D15 /* StrokeTextLabel.swift in Sources */ = {isa = PBXBuildFile; fileRef = 16025082286C642E008D9D15 /* StrokeTextLabel.swift */; };
		1602508F286D7C9D008D9D15 /* UserAlphabetRepository.swift in Sources */ = {isa = PBXBuildFile; fileRef = 1602508E286D7C9D008D9D15 /* UserAlphabetRepository.swift */; };
		160250A2286EA01A008D9D15 /* Lexend-ExtraBold.ttf in Resources */ = {isa = PBXBuildFile; fileRef = 16025099286EA01A008D9D15 /* Lexend-ExtraBold.ttf */; };
		160250A3286EA01A008D9D15 /* Lexend-Bold.ttf in Resources */ = {isa = PBXBuildFile; fileRef = 1602509A286EA01A008D9D15 /* Lexend-Bold.ttf */; };
		160250A4286EA01A008D9D15 /* Lexend-Regular.ttf in Resources */ = {isa = PBXBuildFile; fileRef = 1602509B286EA01A008D9D15 /* Lexend-Regular.ttf */; };
		160250A5286EA01A008D9D15 /* Lexend-Light.ttf in Resources */ = {isa = PBXBuildFile; fileRef = 1602509C286EA01A008D9D15 /* Lexend-Light.ttf */; };
		160250A6286EA01A008D9D15 /* Lexend-Black.ttf in Resources */ = {isa = PBXBuildFile; fileRef = 1602509D286EA01A008D9D15 /* Lexend-Black.ttf */; };
		160250A7286EA01A008D9D15 /* Lexend-Thin.ttf in Resources */ = {isa = PBXBuildFile; fileRef = 1602509E286EA01A008D9D15 /* Lexend-Thin.ttf */; };
		160250A8286EA01A008D9D15 /* Lexend-SemiBold.ttf in Resources */ = {isa = PBXBuildFile; fileRef = 1602509F286EA01A008D9D15 /* Lexend-SemiBold.ttf */; };
		160250A9286EA01A008D9D15 /* Lexend-ExtraLight.ttf in Resources */ = {isa = PBXBuildFile; fileRef = 160250A0286EA01A008D9D15 /* Lexend-ExtraLight.ttf */; };
		160250AA286EA01A008D9D15 /* Lexend-Medium.ttf in Resources */ = {isa = PBXBuildFile; fileRef = 160250A1286EA01A008D9D15 /* Lexend-Medium.ttf */; };
		160250AD286EA17E008D9D15 /* FontStyle.swift in Sources */ = {isa = PBXBuildFile; fileRef = 160250AC286EA17E008D9D15 /* FontStyle.swift */; };
		160250AF286EA2D4008D9D15 /* OnboardingView.swift in Sources */ = {isa = PBXBuildFile; fileRef = 160250AE286EA2D4008D9D15 /* OnboardingView.swift */; };
		160250B5286ED7DE008D9D15 /* UserDefault+Ext.swift in Sources */ = {isa = PBXBuildFile; fileRef = 160250B4286ED7DE008D9D15 /* UserDefault+Ext.swift */; };
		160250B7286F2A2A008D9D15 /* CreateUserView.swift in Sources */ = {isa = PBXBuildFile; fileRef = 160250B6286F2A2A008D9D15 /* CreateUserView.swift */; };
		162620362870BD130044895F /* SpecificLettersView.swift in Sources */ = {isa = PBXBuildFile; fileRef = 162620352870BD130044895F /* SpecificLettersView.swift */; };
		163430BE2873AFE100C6051B /* LetterCaseView.swift in Sources */ = {isa = PBXBuildFile; fileRef = 163430BD2873AFE100C6051B /* LetterCaseView.swift */; };
		163430C02873B44F00C6051B /* UserModel.swift in Sources */ = {isa = PBXBuildFile; fileRef = 163430BF2873B44F00C6051B /* UserModel.swift */; };
		166A7C2A2888404F00BCFBFB /* UINavigationController+Ext.swift in Sources */ = {isa = PBXBuildFile; fileRef = 166A7C292888404F00BCFBFB /* UINavigationController+Ext.swift */; };
		167124EF287292AB00ACEB28 /* ChangeAvatarView.swift in Sources */ = {isa = PBXBuildFile; fileRef = 167124EE287292AB00ACEB28 /* ChangeAvatarView.swift */; };
		167124F12872948900ACEB28 /* CardAvatar.swift in Sources */ = {isa = PBXBuildFile; fileRef = 167124F02872948900ACEB28 /* CardAvatar.swift */; };
		167124F3287295BD00ACEB28 /* CustomAlphabetView.swift in Sources */ = {isa = PBXBuildFile; fileRef = 167124F2287295BD00ACEB28 /* CustomAlphabetView.swift */; };
		16845B5E2879372E00F366FD /* OverflowContentViewModifier.swift in Sources */ = {isa = PBXBuildFile; fileRef = 16845B5D2879372E00F366FD /* OverflowContentViewModifier.swift */; };
		168D54F728894CBC00D418CB /* TestSpeech.swift in Sources */ = {isa = PBXBuildFile; fileRef = 168D54F628894CBC00D418CB /* TestSpeech.swift */; };
		16A6697828784835001AEE0F /* CardSays.swift in Sources */ = {isa = PBXBuildFile; fileRef = 16A6697728784835001AEE0F /* CardSays.swift */; };
		16D27005287372E90052814B /* UIScreen+Ext.swift in Sources */ = {isa = PBXBuildFile; fileRef = 16D27004287372E80052814B /* UIScreen+Ext.swift */; };
		AD6E06622870274200F3BD76 /* ProfileView.swift in Sources */ = {isa = PBXBuildFile; fileRef = AD6E06612870274200F3BD76 /* ProfileView.swift */; };
		AD6E06642870A74600F3BD76 /* ListProfilesView.swift in Sources */ = {isa = PBXBuildFile; fileRef = AD6E06632870A74600F3BD76 /* ListProfilesView.swift */; };
		ADBA0DA7286B472C007DE7A3 /* ReminderNotification.swift in Sources */ = {isa = PBXBuildFile; fileRef = ADBA0DA6286B472C007DE7A3 /* ReminderNotification.swift */; };
		ADBA0DA9286B4781007DE7A3 /* ReminderView.swift in Sources */ = {isa = PBXBuildFile; fileRef = ADBA0DA8286B4781007DE7A3 /* ReminderView.swift */; };
		ADF47E372886C9890058235E /* Lexend-SemiBold.ttf in Resources */ = {isa = PBXBuildFile; fileRef = 1602509F286EA01A008D9D15 /* Lexend-SemiBold.ttf */; };
		ADF47E3A2886CAA60058235E /* Lexend-Black.ttf in Resources */ = {isa = PBXBuildFile; fileRef = 1602509D286EA01A008D9D15 /* Lexend-Black.ttf */; };
		ADF47E3C2886CCC40058235E /* Lexend-Bold.ttf in Resources */ = {isa = PBXBuildFile; fileRef = 1602509A286EA01A008D9D15 /* Lexend-Bold.ttf */; };
		ADF47E3D2886CCC60058235E /* Lexend-ExtraBold.ttf in Resources */ = {isa = PBXBuildFile; fileRef = 16025099286EA01A008D9D15 /* Lexend-ExtraBold.ttf */; };
		ADF47E3E2886CCC80058235E /* Lexend-ExtraLight.ttf in Resources */ = {isa = PBXBuildFile; fileRef = 160250A0286EA01A008D9D15 /* Lexend-ExtraLight.ttf */; };
		ADF47E3F2886CCCA0058235E /* Lexend-Light.ttf in Resources */ = {isa = PBXBuildFile; fileRef = 1602509C286EA01A008D9D15 /* Lexend-Light.ttf */; };
		ADF47E402886CCCE0058235E /* Lexend-Medium.ttf in Resources */ = {isa = PBXBuildFile; fileRef = 160250A1286EA01A008D9D15 /* Lexend-Medium.ttf */; };
		ADF47E412886CCD00058235E /* Lexend-Regular.ttf in Resources */ = {isa = PBXBuildFile; fileRef = 1602509B286EA01A008D9D15 /* Lexend-Regular.ttf */; };
		ADF47E422886CCD50058235E /* Lexend-Thin.ttf in Resources */ = {isa = PBXBuildFile; fileRef = 1602509E286EA01A008D9D15 /* Lexend-Thin.ttf */; };
/* End PBXBuildFile section */

/* Begin PBXContainerItemProxy section */
		11E15920288936D700903E3F /* PBXContainerItemProxy */ = {
			isa = PBXContainerItemProxy;
			containerPortal = 114CDF0B2866A05D0008273B /* Project object */;
			proxyType = 1;
			remoteGlobalIDString = 11E1591D288936D700903E3F;
			remoteInfo = "AlphaPlay WatchKit Extension";
		};
		11E15934288936D800903E3F /* PBXContainerItemProxy */ = {
			isa = PBXContainerItemProxy;
			containerPortal = 114CDF0B2866A05D0008273B /* Project object */;
			proxyType = 1;
			remoteGlobalIDString = 11E15915288936D600903E3F;
			remoteInfo = AlphaPlay;
		};
/* End PBXContainerItemProxy section */

/* Begin PBXCopyFilesBuildPhase section */
		11E1593A288936D800903E3F /* Embed App Extensions */ = {
			isa = PBXCopyFilesBuildPhase;
			buildActionMask = 2147483647;
			dstPath = "";
			dstSubfolderSpec = 13;
			files = (
				11E1591F288936D700903E3F /* AlphaPlay WatchKit Extension.appex in Embed App Extensions */,
			);
			name = "Embed App Extensions";
			runOnlyForDeploymentPostprocessing = 0;
		};
		11E1593E288936D800903E3F /* Embed Watch Content */ = {
			isa = PBXCopyFilesBuildPhase;
			buildActionMask = 2147483647;
			dstPath = "$(CONTENTS_FOLDER_PATH)/Watch";
			dstSubfolderSpec = 16;
			files = (
				11E15936288936D800903E3F /* AlphaPlay.app in Embed Watch Content */,
			);
			name = "Embed Watch Content";
			runOnlyForDeploymentPostprocessing = 0;
		};
/* End PBXCopyFilesBuildPhase section */

/* Begin PBXFileReference section */
		110A4C4F28717E070046C2C1 /* UserViewModel.swift */ = {isa = PBXFileReference; lastKnownFileType = sourcecode.swift; path = UserViewModel.swift; sourceTree = "<group>"; };
		11166ABF2869C08300E32B87 /* Alphabet.swift */ = {isa = PBXFileReference; lastKnownFileType = sourcecode.swift; path = Alphabet.swift; sourceTree = "<group>"; };
		111C65022871B7AA0075DF47 /* View+Ext.swift */ = {isa = PBXFileReference; lastKnownFileType = sourcecode.swift; path = "View+Ext.swift"; sourceTree = "<group>"; };
		111C65052871C5FA0075DF47 /* MiniProfileView.swift */ = {isa = PBXFileReference; lastKnownFileType = sourcecode.swift; path = MiniProfileView.swift; sourceTree = "<group>"; };
		111C650B287206410075DF47 /* MiniReminderView.swift */ = {isa = PBXFileReference; fileEncoding = 4; lastKnownFileType = sourcecode.swift; path = MiniReminderView.swift; sourceTree = "<group>"; };
		1124C0B22872229100CAD128 /* CustomLessonsView.swift */ = {isa = PBXFileReference; lastKnownFileType = sourcecode.swift; path = CustomLessonsView.swift; sourceTree = "<group>"; };
		1124C0B6287291BF00CAD128 /* Color+Ext.swift */ = {isa = PBXFileReference; lastKnownFileType = sourcecode.swift; path = "Color+Ext.swift"; sourceTree = "<group>"; };
		1124C0BB2872A1E200CAD128 /* LessonAlphabetsView.swift */ = {isa = PBXFileReference; lastKnownFileType = sourcecode.swift; path = LessonAlphabetsView.swift; sourceTree = "<group>"; };
		1124C0BD2872A8DE00CAD128 /* HowToPlayView.swift */ = {isa = PBXFileReference; lastKnownFileType = sourcecode.swift; path = HowToPlayView.swift; sourceTree = "<group>"; };
		1124C0BF2872A97700CAD128 /* Font+Ext.swift */ = {isa = PBXFileReference; lastKnownFileType = sourcecode.swift; path = "Font+Ext.swift"; sourceTree = "<group>"; };
		1124C0C12872B10500CAD128 /* UserAlphabetCardView.swift */ = {isa = PBXFileReference; lastKnownFileType = sourcecode.swift; path = UserAlphabetCardView.swift; sourceTree = "<group>"; };
		1124C0C52872FA6900CAD128 /* AudioService.swift */ = {isa = PBXFileReference; lastKnownFileType = sourcecode.swift; path = AudioService.swift; sourceTree = "<group>"; };
		112B08462870107000905CE5 /* .gitignore */ = {isa = PBXFileReference; lastKnownFileType = text; path = .gitignore; sourceTree = "<group>"; };
		112B08482870120400905CE5 /* AlphabetService.swift */ = {isa = PBXFileReference; lastKnownFileType = sourcecode.swift; path = AlphabetService.swift; sourceTree = "<group>"; };
		112BBA26286C8FF20039377A /* ReminderRepository.swift */ = {isa = PBXFileReference; lastKnownFileType = sourcecode.swift; path = ReminderRepository.swift; sourceTree = "<group>"; };
		112BBA2E286CC60C0039377A /* UserRepository.swift */ = {isa = PBXFileReference; lastKnownFileType = sourcecode.swift; path = UserRepository.swift; sourceTree = "<group>"; };
		114CDF132866A05D0008273B /* LexPlay.app */ = {isa = PBXFileReference; explicitFileType = wrapper.application; includeInIndex = 0; path = LexPlay.app; sourceTree = BUILT_PRODUCTS_DIR; };
		114CDF162866A05D0008273B /* LexPlayApp.swift */ = {isa = PBXFileReference; lastKnownFileType = sourcecode.swift; path = LexPlayApp.swift; sourceTree = "<group>"; };
		114CDF1A2866A0600008273B /* Assets.xcassets */ = {isa = PBXFileReference; lastKnownFileType = folder.assetcatalog; path = Assets.xcassets; sourceTree = "<group>"; };
		114CDF1D2866A0600008273B /* Preview Assets.xcassets */ = {isa = PBXFileReference; lastKnownFileType = folder.assetcatalog; path = "Preview Assets.xcassets"; sourceTree = "<group>"; };
		114CDF1F2866A0600008273B /* Persistence.swift */ = {isa = PBXFileReference; lastKnownFileType = sourcecode.swift; path = Persistence.swift; sourceTree = "<group>"; };
		114CDF222866A0600008273B /* LexPlay.xcdatamodel */ = {isa = PBXFileReference; lastKnownFileType = wrapper.xcdatamodel; path = LexPlay.xcdatamodel; sourceTree = "<group>"; };
		11587178288075AC00E7FF37 /* ContentView.swift */ = {isa = PBXFileReference; lastKnownFileType = sourcecode.swift; path = ContentView.swift; sourceTree = "<group>"; };
		1160155A2873211B0034CB02 /* DetailLessonView.swift */ = {isa = PBXFileReference; lastKnownFileType = sourcecode.swift; path = DetailLessonView.swift; sourceTree = "<group>"; };
		1162D47828752C30006F3D30 /* NSSet+Ext.swift */ = {isa = PBXFileReference; lastKnownFileType = sourcecode.swift; path = "NSSet+Ext.swift"; sourceTree = "<group>"; };
		116CDA7128770AFF002E81A7 /* AudioName.swift */ = {isa = PBXFileReference; lastKnownFileType = sourcecode.swift; path = AudioName.swift; sourceTree = "<group>"; };
		1174A154286E93D700BC02BE /* LetterCase.swift */ = {isa = PBXFileReference; lastKnownFileType = sourcecode.swift; path = LetterCase.swift; sourceTree = "<group>"; };
		1174A156286ED05700BC02BE /* Seeder.swift */ = {isa = PBXFileReference; lastKnownFileType = sourcecode.swift; path = Seeder.swift; sourceTree = "<group>"; };
		1178D3A22868EA02007A23A0 /* SpeechRecognizer.swift */ = {isa = PBXFileReference; lastKnownFileType = sourcecode.swift; path = SpeechRecognizer.swift; sourceTree = "<group>"; };
		117D8A77287599660016E913 /* NavigationLazyView.swift */ = {isa = PBXFileReference; lastKnownFileType = sourcecode.swift; path = NavigationLazyView.swift; sourceTree = "<group>"; };
		119230D62870AC930033F5B3 /* LessonRepository.swift */ = {isa = PBXFileReference; lastKnownFileType = sourcecode.swift; path = LessonRepository.swift; sourceTree = "<group>"; };
		119230DA2870C19D0033F5B3 /* LessonsView.swift */ = {isa = PBXFileReference; lastKnownFileType = sourcecode.swift; path = LessonsView.swift; sourceTree = "<group>"; };
		11C090AB287303BC00A40230 /* CustomLessonAlphabetsView.swift */ = {isa = PBXFileReference; lastKnownFileType = sourcecode.swift; path = CustomLessonAlphabetsView.swift; sourceTree = "<group>"; };
		11D581012875434400027263 /* NSOrderedSet+Ext.swift */ = {isa = PBXFileReference; lastKnownFileType = sourcecode.swift; path = "NSOrderedSet+Ext.swift"; sourceTree = "<group>"; };
		11E15916288936D600903E3F /* AlphaPlay.app */ = {isa = PBXFileReference; explicitFileType = wrapper.application; includeInIndex = 0; path = AlphaPlay.app; sourceTree = BUILT_PRODUCTS_DIR; };
		11E15918288936D700903E3F /* Assets.xcassets */ = {isa = PBXFileReference; lastKnownFileType = folder.assetcatalog; path = Assets.xcassets; sourceTree = "<group>"; };
		11E1591E288936D700903E3F /* AlphaPlay WatchKit Extension.appex */ = {isa = PBXFileReference; explicitFileType = "wrapper.app-extension"; includeInIndex = 0; path = "AlphaPlay WatchKit Extension.appex"; sourceTree = BUILT_PRODUCTS_DIR; };
		11E15923288936D700903E3F /* LexPlayApp.swift */ = {isa = PBXFileReference; lastKnownFileType = sourcecode.swift; path = LexPlayApp.swift; sourceTree = "<group>"; };
		11E15925288936D700903E3F /* ContentView.swift */ = {isa = PBXFileReference; lastKnownFileType = sourcecode.swift; path = ContentView.swift; sourceTree = "<group>"; };
		11E15927288936D700903E3F /* NotificationController.swift */ = {isa = PBXFileReference; lastKnownFileType = sourcecode.swift; path = NotificationController.swift; sourceTree = "<group>"; };
		11E15929288936D700903E3F /* NotificationView.swift */ = {isa = PBXFileReference; lastKnownFileType = sourcecode.swift; path = NotificationView.swift; sourceTree = "<group>"; };
		11E1592B288936D700903E3F /* ComplicationController.swift */ = {isa = PBXFileReference; lastKnownFileType = sourcecode.swift; path = ComplicationController.swift; sourceTree = "<group>"; };
		11E1592D288936D800903E3F /* Assets.xcassets */ = {isa = PBXFileReference; lastKnownFileType = folder.assetcatalog; path = Assets.xcassets; sourceTree = "<group>"; };
		11E15930288936D800903E3F /* Preview Assets.xcassets */ = {isa = PBXFileReference; lastKnownFileType = folder.assetcatalog; path = "Preview Assets.xcassets"; sourceTree = "<group>"; };
		11E15932288936D800903E3F /* Info.plist */ = {isa = PBXFileReference; lastKnownFileType = text.plist.xml; path = Info.plist; sourceTree = "<group>"; };
		11E15933288936D800903E3F /* PushNotificationPayload.apns */ = {isa = PBXFileReference; lastKnownFileType = text; path = PushNotificationPayload.apns; sourceTree = "<group>"; };
		11E1593F288937F900903E3F /* OnboardingWatch.swift */ = {isa = PBXFileReference; fileEncoding = 4; lastKnownFileType = sourcecode.swift; path = OnboardingWatch.swift; sourceTree = "<group>"; };
		11E15940288937F900903E3F /* ParentView.swift */ = {isa = PBXFileReference; fileEncoding = 4; lastKnownFileType = sourcecode.swift; path = ParentView.swift; sourceTree = "<group>"; };
		11E15941288937F900903E3F /* LettersListView.swift */ = {isa = PBXFileReference; fileEncoding = 4; lastKnownFileType = sourcecode.swift; path = LettersListView.swift; sourceTree = "<group>"; };
		11E1594F288974DE00903E3F /* RecordingView.swift */ = {isa = PBXFileReference; lastKnownFileType = sourcecode.swift; path = RecordingView.swift; sourceTree = "<group>"; };
		11E15951288976A100903E3F /* AudioRecorderViewModel.swift */ = {isa = PBXFileReference; lastKnownFileType = sourcecode.swift; path = AudioRecorderViewModel.swift; sourceTree = "<group>"; };
		11E159532889801000903E3F /* WatchViewModel.swift */ = {isa = PBXFileReference; lastKnownFileType = sourcecode.swift; path = WatchViewModel.swift; sourceTree = "<group>"; };
		11E159552889802E00903E3F /* PhoneViewModel.swift */ = {isa = PBXFileReference; lastKnownFileType = sourcecode.swift; path = PhoneViewModel.swift; sourceTree = "<group>"; };
		11E159572889892E00903E3F /* AVAudioSession+Ext.swift */ = {isa = PBXFileReference; lastKnownFileType = sourcecode.swift; path = "AVAudioSession+Ext.swift"; sourceTree = "<group>"; };
		11E1595A2889982F00903E3F /* SpeechRecognizerService.swift */ = {isa = PBXFileReference; lastKnownFileType = sourcecode.swift; path = SpeechRecognizerService.swift; sourceTree = "<group>"; };
		1602507B286C63CD008D9D15 /* CameraAlphabet.swift */ = {isa = PBXFileReference; fileEncoding = 4; lastKnownFileType = sourcecode.swift; path = CameraAlphabet.swift; sourceTree = "<group>"; };
		1602507E286C6409008D9D15 /* CameraView.swift */ = {isa = PBXFileReference; fileEncoding = 4; lastKnownFileType = sourcecode.swift; path = CameraView.swift; sourceTree = "<group>"; };
		1602507F286C6409008D9D15 /* CameraPreview.swift */ = {isa = PBXFileReference; fileEncoding = 4; lastKnownFileType = sourcecode.swift; path = CameraPreview.swift; sourceTree = "<group>"; };
		16025082286C642E008D9D15 /* StrokeTextLabel.swift */ = {isa = PBXFileReference; fileEncoding = 4; lastKnownFileType = sourcecode.swift; path = StrokeTextLabel.swift; sourceTree = "<group>"; };
		1602508E286D7C9D008D9D15 /* UserAlphabetRepository.swift */ = {isa = PBXFileReference; lastKnownFileType = sourcecode.swift; path = UserAlphabetRepository.swift; sourceTree = "<group>"; };
		16025099286EA01A008D9D15 /* Lexend-ExtraBold.ttf */ = {isa = PBXFileReference; lastKnownFileType = file; path = "Lexend-ExtraBold.ttf"; sourceTree = "<group>"; };
		1602509A286EA01A008D9D15 /* Lexend-Bold.ttf */ = {isa = PBXFileReference; lastKnownFileType = file; path = "Lexend-Bold.ttf"; sourceTree = "<group>"; };
		1602509B286EA01A008D9D15 /* Lexend-Regular.ttf */ = {isa = PBXFileReference; lastKnownFileType = file; path = "Lexend-Regular.ttf"; sourceTree = "<group>"; };
		1602509C286EA01A008D9D15 /* Lexend-Light.ttf */ = {isa = PBXFileReference; lastKnownFileType = file; path = "Lexend-Light.ttf"; sourceTree = "<group>"; };
		1602509D286EA01A008D9D15 /* Lexend-Black.ttf */ = {isa = PBXFileReference; lastKnownFileType = file; path = "Lexend-Black.ttf"; sourceTree = "<group>"; };
		1602509E286EA01A008D9D15 /* Lexend-Thin.ttf */ = {isa = PBXFileReference; lastKnownFileType = file; path = "Lexend-Thin.ttf"; sourceTree = "<group>"; };
		1602509F286EA01A008D9D15 /* Lexend-SemiBold.ttf */ = {isa = PBXFileReference; lastKnownFileType = file; path = "Lexend-SemiBold.ttf"; sourceTree = "<group>"; };
		160250A0286EA01A008D9D15 /* Lexend-ExtraLight.ttf */ = {isa = PBXFileReference; lastKnownFileType = file; path = "Lexend-ExtraLight.ttf"; sourceTree = "<group>"; };
		160250A1286EA01A008D9D15 /* Lexend-Medium.ttf */ = {isa = PBXFileReference; lastKnownFileType = file; path = "Lexend-Medium.ttf"; sourceTree = "<group>"; };
		160250AB286EA033008D9D15 /* Info.plist */ = {isa = PBXFileReference; lastKnownFileType = text.plist; path = Info.plist; sourceTree = "<group>"; };
		160250AC286EA17E008D9D15 /* FontStyle.swift */ = {isa = PBXFileReference; lastKnownFileType = sourcecode.swift; name = FontStyle.swift; path = LexPlay/Utils/FontStyle.swift; sourceTree = SOURCE_ROOT; };
		160250AE286EA2D4008D9D15 /* OnboardingView.swift */ = {isa = PBXFileReference; lastKnownFileType = sourcecode.swift; path = OnboardingView.swift; sourceTree = "<group>"; };
		160250B4286ED7DE008D9D15 /* UserDefault+Ext.swift */ = {isa = PBXFileReference; lastKnownFileType = sourcecode.swift; path = "UserDefault+Ext.swift"; sourceTree = "<group>"; };
		160250B6286F2A2A008D9D15 /* CreateUserView.swift */ = {isa = PBXFileReference; lastKnownFileType = sourcecode.swift; path = CreateUserView.swift; sourceTree = "<group>"; };
		162620352870BD130044895F /* SpecificLettersView.swift */ = {isa = PBXFileReference; lastKnownFileType = sourcecode.swift; path = SpecificLettersView.swift; sourceTree = "<group>"; };
		163430BD2873AFE100C6051B /* LetterCaseView.swift */ = {isa = PBXFileReference; lastKnownFileType = sourcecode.swift; path = LetterCaseView.swift; sourceTree = "<group>"; };
		163430BF2873B44F00C6051B /* UserModel.swift */ = {isa = PBXFileReference; lastKnownFileType = sourcecode.swift; path = UserModel.swift; sourceTree = "<group>"; };
		166A7C292888404F00BCFBFB /* UINavigationController+Ext.swift */ = {isa = PBXFileReference; lastKnownFileType = sourcecode.swift; path = "UINavigationController+Ext.swift"; sourceTree = "<group>"; };
		167124EE287292AB00ACEB28 /* ChangeAvatarView.swift */ = {isa = PBXFileReference; lastKnownFileType = sourcecode.swift; path = ChangeAvatarView.swift; sourceTree = "<group>"; };
		167124F02872948900ACEB28 /* CardAvatar.swift */ = {isa = PBXFileReference; lastKnownFileType = sourcecode.swift; path = CardAvatar.swift; sourceTree = "<group>"; };
		167124F2287295BD00ACEB28 /* CustomAlphabetView.swift */ = {isa = PBXFileReference; lastKnownFileType = sourcecode.swift; path = CustomAlphabetView.swift; sourceTree = "<group>"; };
		167124F728732A2300ACEB28 /* howToPlay.m4a */ = {isa = PBXFileReference; lastKnownFileType = file; path = howToPlay.m4a; sourceTree = "<group>"; };
		16845B5D2879372E00F366FD /* OverflowContentViewModifier.swift */ = {isa = PBXFileReference; lastKnownFileType = sourcecode.swift; path = OverflowContentViewModifier.swift; sourceTree = "<group>"; };
		168D54F628894CBC00D418CB /* TestSpeech.swift */ = {isa = PBXFileReference; lastKnownFileType = sourcecode.swift; path = TestSpeech.swift; sourceTree = "<group>"; };
		16A6697728784835001AEE0F /* CardSays.swift */ = {isa = PBXFileReference; lastKnownFileType = sourcecode.swift; path = CardSays.swift; sourceTree = "<group>"; };
		16D27004287372E80052814B /* UIScreen+Ext.swift */ = {isa = PBXFileReference; lastKnownFileType = sourcecode.swift; path = "UIScreen+Ext.swift"; sourceTree = "<group>"; };
		AD6E06612870274200F3BD76 /* ProfileView.swift */ = {isa = PBXFileReference; lastKnownFileType = sourcecode.swift; path = ProfileView.swift; sourceTree = "<group>"; };
		AD6E06632870A74600F3BD76 /* ListProfilesView.swift */ = {isa = PBXFileReference; lastKnownFileType = sourcecode.swift; path = ListProfilesView.swift; sourceTree = "<group>"; };
		ADBA0DA6286B472C007DE7A3 /* ReminderNotification.swift */ = {isa = PBXFileReference; lastKnownFileType = sourcecode.swift; path = ReminderNotification.swift; sourceTree = "<group>"; };
		ADBA0DA8286B4781007DE7A3 /* ReminderView.swift */ = {isa = PBXFileReference; lastKnownFileType = sourcecode.swift; path = ReminderView.swift; sourceTree = "<group>"; };
/* End PBXFileReference section */

/* Begin PBXFrameworksBuildPhase section */
		114CDF102866A05D0008273B /* Frameworks */ = {
			isa = PBXFrameworksBuildPhase;
			buildActionMask = 2147483647;
			files = (
			);
			runOnlyForDeploymentPostprocessing = 0;
		};
		11E1591B288936D700903E3F /* Frameworks */ = {
			isa = PBXFrameworksBuildPhase;
			buildActionMask = 2147483647;
			files = (
			);
			runOnlyForDeploymentPostprocessing = 0;
		};
/* End PBXFrameworksBuildPhase section */

/* Begin PBXGroup section */
		111C65042871C5E70075DF47 /* Components */ = {
			isa = PBXGroup;
			children = (
				111C65052871C5FA0075DF47 /* MiniProfileView.swift */,
				111C650B287206410075DF47 /* MiniReminderView.swift */,
				167124F02872948900ACEB28 /* CardAvatar.swift */,
				1124C0BB2872A1E200CAD128 /* LessonAlphabetsView.swift */,
				1124C0C12872B10500CAD128 /* UserAlphabetCardView.swift */,
				1124C0BD2872A8DE00CAD128 /* HowToPlayView.swift */,
				11C090AB287303BC00A40230 /* CustomLessonAlphabetsView.swift */,
				16A6697728784835001AEE0F /* CardSays.swift */,
			);
			path = Components;
			sourceTree = "<group>";
		};
		111D49192875ECEF00965213 /* ViewModels */ = {
			isa = PBXGroup;
			children = (
				1602507B286C63CD008D9D15 /* CameraAlphabet.swift */,
				1178D3A22868EA02007A23A0 /* SpeechRecognizer.swift */,
				110A4C4F28717E070046C2C1 /* UserViewModel.swift */,
				11E159532889801000903E3F /* WatchViewModel.swift */,
			);
			path = ViewModels;
			sourceTree = "<group>";
		};
		112BBA25286C8F8D0039377A /* Repositories */ = {
			isa = PBXGroup;
			children = (
				1174A156286ED05700BC02BE /* Seeder.swift */,
				114CDF1F2866A0600008273B /* Persistence.swift */,
				112BBA26286C8FF20039377A /* ReminderRepository.swift */,
				112BBA2E286CC60C0039377A /* UserRepository.swift */,
				1602508E286D7C9D008D9D15 /* UserAlphabetRepository.swift */,
				119230D62870AC930033F5B3 /* LessonRepository.swift */,
			);
			path = Repositories;
			sourceTree = "<group>";
		};
		114CDF0A2866A05D0008273B = {
			isa = PBXGroup;
			children = (
				114CDF152866A05D0008273B /* LexPlay */,
				112B08462870107000905CE5 /* .gitignore */,
				11E15917288936D600903E3F /* AlphaPlay */,
				11E15922288936D700903E3F /* AlphaPlay WatchKit Extension */,
				114CDF142866A05D0008273B /* Products */,
				1160155D2873B0BA0034CB02 /* Recovered References */,
			);
			sourceTree = "<group>";
		};
		114CDF142866A05D0008273B /* Products */ = {
			isa = PBXGroup;
			children = (
				114CDF132866A05D0008273B /* LexPlay.app */,
				11E15916288936D600903E3F /* AlphaPlay.app */,
				11E1591E288936D700903E3F /* AlphaPlay WatchKit Extension.appex */,
			);
			name = Products;
			sourceTree = "<group>";
		};
		114CDF152866A05D0008273B /* LexPlay */ = {
			isa = PBXGroup;
			children = (
				160250AB286EA033008D9D15 /* Info.plist */,
				114CDF162866A05D0008273B /* LexPlayApp.swift */,
				112BBA25286C8F8D0039377A /* Repositories */,
				119C5996286B25CD00B87768 /* Domains */,
				119C5997286B27A400B87768 /* Services */,
				111D49192875ECEF00965213 /* ViewModels */,
				1602507D286C63DB008D9D15 /* Views */,
				160250BA286F42D2008D9D15 /* Utils */,
				16025098286E9FFB008D9D15 /* Fonts */,
				167124F628732A0000ACEB28 /* Audios */,
				114CDF1A2866A0600008273B /* Assets.xcassets */,
				114CDF212866A0600008273B /* LexPlay.xcdatamodeld */,
				114CDF1C2866A0600008273B /* Preview Content */,
			);
			path = LexPlay;
			sourceTree = "<group>";
		};
		114CDF1C2866A0600008273B /* Preview Content */ = {
			isa = PBXGroup;
			children = (
				114CDF1D2866A0600008273B /* Preview Assets.xcassets */,
			);
			path = "Preview Content";
			sourceTree = "<group>";
		};
		1160155D2873B0BA0034CB02 /* Recovered References */ = {
			isa = PBXGroup;
			children = (
			);
			name = "Recovered References";
			sourceTree = "<group>";
		};
		117D8A762875825C0016E913 /* Models */ = {
			isa = PBXGroup;
			children = (
				163430BF2873B44F00C6051B /* UserModel.swift */,
			);
			path = Models;
			sourceTree = "<group>";
		};
		119C5996286B25CD00B87768 /* Domains */ = {
			isa = PBXGroup;
			children = (
				117D8A762875825C0016E913 /* Models */,
				119C5998286B27C600B87768 /* Enums */,
			);
			path = Domains;
			sourceTree = "<group>";
		};
		119C5997286B27A400B87768 /* Services */ = {
			isa = PBXGroup;
			children = (
				ADBA0DA6286B472C007DE7A3 /* ReminderNotification.swift */,
				112B08482870120400905CE5 /* AlphabetService.swift */,
				1124C0C52872FA6900CAD128 /* AudioService.swift */,
				11E1595A2889982F00903E3F /* SpeechRecognizerService.swift */,
			);
			path = Services;
			sourceTree = "<group>";
		};
		119C5998286B27C600B87768 /* Enums */ = {
			isa = PBXGroup;
			children = (
				11166ABF2869C08300E32B87 /* Alphabet.swift */,
				1174A154286E93D700BC02BE /* LetterCase.swift */,
				116CDA7128770AFF002E81A7 /* AudioName.swift */,
			);
			path = Enums;
			sourceTree = "<group>";
		};
		11E15917288936D600903E3F /* AlphaPlay */ = {
			isa = PBXGroup;
			children = (
				11E15918288936D700903E3F /* Assets.xcassets */,
			);
			path = AlphaPlay;
			sourceTree = "<group>";
		};
		11E15922288936D700903E3F /* AlphaPlay WatchKit Extension */ = {
			isa = PBXGroup;
			children = (
				11E15923288936D700903E3F /* LexPlayApp.swift */,
				11E1595C2889C2CE00903E3F /* ViewModels */,
				11E1595D2889C2DB00903E3F /* Views */,
				11E1595E2889C2EE00903E3F /* Controllers */,
				11E1592D288936D800903E3F /* Assets.xcassets */,
				11E15932288936D800903E3F /* Info.plist */,
				11E15933288936D800903E3F /* PushNotificationPayload.apns */,
				11E1592F288936D800903E3F /* Preview Content */,
			);
			path = "AlphaPlay WatchKit Extension";
			sourceTree = "<group>";
		};
		11E1592F288936D800903E3F /* Preview Content */ = {
			isa = PBXGroup;
			children = (
				11E15930288936D800903E3F /* Preview Assets.xcassets */,
			);
			path = "Preview Content";
			sourceTree = "<group>";
		};
		11E1595C2889C2CE00903E3F /* ViewModels */ = {
			isa = PBXGroup;
			children = (
				11E15951288976A100903E3F /* AudioRecorderViewModel.swift */,
				11E159552889802E00903E3F /* PhoneViewModel.swift */,
			);
			path = ViewModels;
			sourceTree = "<group>";
		};
		11E1595D2889C2DB00903E3F /* Views */ = {
			isa = PBXGroup;
			children = (
				11E15925288936D700903E3F /* ContentView.swift */,
				11E15929288936D700903E3F /* NotificationView.swift */,
				11E15941288937F900903E3F /* LettersListView.swift */,
				11E1594F288974DE00903E3F /* RecordingView.swift */,
				11E1593F288937F900903E3F /* OnboardingWatch.swift */,
				11E15940288937F900903E3F /* ParentView.swift */,
			);
			path = Views;
			sourceTree = "<group>";
		};
		11E1595E2889C2EE00903E3F /* Controllers */ = {
			isa = PBXGroup;
			children = (
				11E15927288936D700903E3F /* NotificationController.swift */,
				11E1592B288936D700903E3F /* ComplicationController.swift */,
			);
			path = Controllers;
			sourceTree = "<group>";
		};
		1602507D286C63DB008D9D15 /* Views */ = {
			isa = PBXGroup;
			children = (
				11587178288075AC00E7FF37 /* ContentView.swift */,
				111C65042871C5E70075DF47 /* Components */,
				1602507F286C6409008D9D15 /* CameraPreview.swift */,
				1602507E286C6409008D9D15 /* CameraView.swift */,
				ADBA0DA8286B4781007DE7A3 /* ReminderView.swift */,
				160250AE286EA2D4008D9D15 /* OnboardingView.swift */,
				160250B6286F2A2A008D9D15 /* CreateUserView.swift */,
				162620352870BD130044895F /* SpecificLettersView.swift */,
				167124F2287295BD00ACEB28 /* CustomAlphabetView.swift */,
				163430BD2873AFE100C6051B /* LetterCaseView.swift */,
				119230DA2870C19D0033F5B3 /* LessonsView.swift */,
				AD6E06612870274200F3BD76 /* ProfileView.swift */,
				AD6E06632870A74600F3BD76 /* ListProfilesView.swift */,
				167124EE287292AB00ACEB28 /* ChangeAvatarView.swift */,
				1124C0B22872229100CAD128 /* CustomLessonsView.swift */,
				1160155A2873211B0034CB02 /* DetailLessonView.swift */,
			);
			path = Views;
			sourceTree = "<group>";
		};
		16025098286E9FFB008D9D15 /* Fonts */ = {
			isa = PBXGroup;
			children = (
				1602509D286EA01A008D9D15 /* Lexend-Black.ttf */,
				1602509A286EA01A008D9D15 /* Lexend-Bold.ttf */,
				16025099286EA01A008D9D15 /* Lexend-ExtraBold.ttf */,
				160250A0286EA01A008D9D15 /* Lexend-ExtraLight.ttf */,
				1602509C286EA01A008D9D15 /* Lexend-Light.ttf */,
				160250A1286EA01A008D9D15 /* Lexend-Medium.ttf */,
				1602509B286EA01A008D9D15 /* Lexend-Regular.ttf */,
				1602509F286EA01A008D9D15 /* Lexend-SemiBold.ttf */,
				1602509E286EA01A008D9D15 /* Lexend-Thin.ttf */,
			);
			path = Fonts;
			sourceTree = "<group>";
		};
		160250BA286F42D2008D9D15 /* Utils */ = {
			isa = PBXGroup;
			children = (
				160250AC286EA17E008D9D15 /* FontStyle.swift */,
				1124C0BF2872A97700CAD128 /* Font+Ext.swift */,
				16025082286C642E008D9D15 /* StrokeTextLabel.swift */,
				160250B4286ED7DE008D9D15 /* UserDefault+Ext.swift */,
				111C65022871B7AA0075DF47 /* View+Ext.swift */,
				1124C0B6287291BF00CAD128 /* Color+Ext.swift */,
				16D27004287372E80052814B /* UIScreen+Ext.swift */,
				1162D47828752C30006F3D30 /* NSSet+Ext.swift */,
				11D581012875434400027263 /* NSOrderedSet+Ext.swift */,
				117D8A77287599660016E913 /* NavigationLazyView.swift */,
				16845B5D2879372E00F366FD /* OverflowContentViewModifier.swift */,
				166A7C292888404F00BCFBFB /* UINavigationController+Ext.swift */,
				11E159572889892E00903E3F /* AVAudioSession+Ext.swift */,
			);
			path = Utils;
			sourceTree = "<group>";
		};
		167124F628732A0000ACEB28 /* Audios */ = {
			isa = PBXGroup;
			children = (
				167124F728732A2300ACEB28 /* howToPlay.m4a */,
			);
			path = Audios;
			sourceTree = "<group>";
		};
		16814ADE28869E540029E71E /* AlphaPlay WatchKit App */ = {
			isa = PBXGroup;
			children = (
				16814ADF28869E550029E71E /* Assets.xcassets */,
			);
			path = "AlphaPlay WatchKit App";
			sourceTree = "<group>";
		};
		16814AE928869E550029E71E /* AlphaPlay WatchKit Extension */ = {
			isa = PBXGroup;
			children = (
				16814AEA28869E550029E71E /* LexPlayApp.swift */,
				ADE69FA42886A8D2008C69F9 /* LettersListView.swift */,
				16814AEC28869E550029E71E /* ContentView.swift */,
				16814AEE28869E550029E71E /* NotificationController.swift */,
				16814AF028869E550029E71E /* NotificationView.swift */,
				16814AF228869E550029E71E /* ComplicationController.swift */,
				16814B062886C52B0029E71E /* OnboardingWatch.swift */,
				16814B0D2887E54D0029E71E /* ParentView.swift */,
				16814AF428869E560029E71E /* Assets.xcassets */,
				16814AF928869E560029E71E /* Info.plist */,
				16814AFA28869E560029E71E /* PushNotificationPayload.apns */,
				16814AF628869E560029E71E /* Preview Content */,
			);
			path = "AlphaPlay WatchKit Extension";
			sourceTree = "<group>";
		};
		16814AF628869E560029E71E /* Preview Content */ = {
			isa = PBXGroup;
			children = (
				16814AF728869E560029E71E /* Preview Assets.xcassets */,
			);
			path = "Preview Content";
			sourceTree = "<group>";
		};
/* End PBXGroup section */

/* Begin PBXNativeTarget section */
		114CDF122866A05D0008273B /* LexPlay */ = {
			isa = PBXNativeTarget;
			buildConfigurationList = 114CDF262866A0600008273B /* Build configuration list for PBXNativeTarget "LexPlay" */;
			buildPhases = (
				114CDF0F2866A05D0008273B /* Sources */,
				114CDF102866A05D0008273B /* Frameworks */,
				114CDF112866A05D0008273B /* Resources */,
				11E1593E288936D800903E3F /* Embed Watch Content */,
			);
			buildRules = (
			);
			dependencies = (
				11E15935288936D800903E3F /* PBXTargetDependency */,
			);
			name = LexPlay;
			productName = LexPlay;
			productReference = 114CDF132866A05D0008273B /* LexPlay.app */;
			productType = "com.apple.product-type.application";
		};
		11E15915288936D600903E3F /* AlphaPlay */ = {
			isa = PBXNativeTarget;
			buildConfigurationList = 11E1593B288936D800903E3F /* Build configuration list for PBXNativeTarget "AlphaPlay" */;
			buildPhases = (
				11E15914288936D600903E3F /* Resources */,
				11E1593A288936D800903E3F /* Embed App Extensions */,
			);
			buildRules = (
			);
			dependencies = (
				11E15921288936D700903E3F /* PBXTargetDependency */,
			);
			name = AlphaPlay;
			productName = AlphaPlay;
			productReference = 11E15916288936D600903E3F /* AlphaPlay.app */;
			productType = "com.apple.product-type.application.watchapp2";
		};
		11E1591D288936D700903E3F /* AlphaPlay WatchKit Extension */ = {
			isa = PBXNativeTarget;
			buildConfigurationList = 11E15937288936D800903E3F /* Build configuration list for PBXNativeTarget "AlphaPlay WatchKit Extension" */;
			buildPhases = (
				11E1591A288936D700903E3F /* Sources */,
				11E1591B288936D700903E3F /* Frameworks */,
				11E1591C288936D700903E3F /* Resources */,
			);
			buildRules = (
			);
			dependencies = (
			);
			name = "AlphaPlay WatchKit Extension";
			productName = "AlphaPlay WatchKit Extension";
			productReference = 11E1591E288936D700903E3F /* AlphaPlay WatchKit Extension.appex */;
			productType = "com.apple.product-type.watchkit2-extension";
		};
/* End PBXNativeTarget section */

/* Begin PBXProject section */
		114CDF0B2866A05D0008273B /* Project object */ = {
			isa = PBXProject;
			attributes = {
				BuildIndependentTargetsInParallel = 1;
				LastSwiftUpdateCheck = 1340;
				LastUpgradeCheck = 1340;
				TargetAttributes = {
					114CDF122866A05D0008273B = {
						CreatedOnToolsVersion = 13.3.1;
					};
					11E15915288936D600903E3F = {
						CreatedOnToolsVersion = 13.4.1;
					};
					11E1591D288936D700903E3F = {
						CreatedOnToolsVersion = 13.4.1;
					};
				};
			};
			buildConfigurationList = 114CDF0E2866A05D0008273B /* Build configuration list for PBXProject "LexPlay" */;
			compatibilityVersion = "Xcode 13.0";
			developmentRegion = en;
			hasScannedForEncodings = 0;
			knownRegions = (
				en,
				Base,
			);
			mainGroup = 114CDF0A2866A05D0008273B;
			productRefGroup = 114CDF142866A05D0008273B /* Products */;
			projectDirPath = "";
			projectRoot = "";
			targets = (
				114CDF122866A05D0008273B /* LexPlay */,
				11E15915288936D600903E3F /* AlphaPlay */,
				11E1591D288936D700903E3F /* AlphaPlay WatchKit Extension */,
			);
		};
/* End PBXProject section */

/* Begin PBXResourcesBuildPhase section */
		114CDF112866A05D0008273B /* Resources */ = {
			isa = PBXResourcesBuildPhase;
			buildActionMask = 2147483647;
			files = (
				160250A2286EA01A008D9D15 /* Lexend-ExtraBold.ttf in Resources */,
				116CDA7328770C26002E81A7 /* howToPlay.m4a in Resources */,
				160250A5286EA01A008D9D15 /* Lexend-Light.ttf in Resources */,
				160250A3286EA01A008D9D15 /* Lexend-Bold.ttf in Resources */,
				160250A7286EA01A008D9D15 /* Lexend-Thin.ttf in Resources */,
				112B08472870107000905CE5 /* .gitignore in Resources */,
				160250A9286EA01A008D9D15 /* Lexend-ExtraLight.ttf in Resources */,
				160250AA286EA01A008D9D15 /* Lexend-Medium.ttf in Resources */,
				160250A4286EA01A008D9D15 /* Lexend-Regular.ttf in Resources */,
				114CDF1E2866A0600008273B /* Preview Assets.xcassets in Resources */,
				160250A6286EA01A008D9D15 /* Lexend-Black.ttf in Resources */,
				160250A8286EA01A008D9D15 /* Lexend-SemiBold.ttf in Resources */,
				114CDF1B2866A0600008273B /* Assets.xcassets in Resources */,
			);
			runOnlyForDeploymentPostprocessing = 0;
		};
		11E15914288936D600903E3F /* Resources */ = {
			isa = PBXResourcesBuildPhase;
			buildActionMask = 2147483647;
			files = (
				11E15919288936D700903E3F /* Assets.xcassets in Resources */,
			);
			runOnlyForDeploymentPostprocessing = 0;
		};
		11E1591C288936D700903E3F /* Resources */ = {
			isa = PBXResourcesBuildPhase;
			buildActionMask = 2147483647;
			files = (
				11E15931288936D800903E3F /* Preview Assets.xcassets in Resources */,
				11E1592E288936D800903E3F /* Assets.xcassets in Resources */,
			);
			runOnlyForDeploymentPostprocessing = 0;
		};
/* End PBXResourcesBuildPhase section */

/* Begin PBXSourcesBuildPhase section */
		114CDF0F2866A05D0008273B /* Sources */ = {
			isa = PBXSourcesBuildPhase;
			buildActionMask = 2147483647;
			files = (
				111C65032871B7AA0075DF47 /* View+Ext.swift in Sources */,
				167124EF287292AB00ACEB28 /* ChangeAvatarView.swift in Sources */,
				11E159582889892E00903E3F /* AVAudioSession+Ext.swift in Sources */,
				162620362870BD130044895F /* SpecificLettersView.swift in Sources */,
				114CDF202866A0600008273B /* Persistence.swift in Sources */,
				AD6E06622870274200F3BD76 /* ProfileView.swift in Sources */,
				110A4C5028717E070046C2C1 /* UserViewModel.swift in Sources */,
				1124C0C22872B10500CAD128 /* UserAlphabetCardView.swift in Sources */,
				160250B7286F2A2A008D9D15 /* CreateUserView.swift in Sources */,
				1178D3A32868EA02007A23A0 /* SpeechRecognizer.swift in Sources */,
				1162D47928752C30006F3D30 /* NSSet+Ext.swift in Sources */,
				11587179288075AC00E7FF37 /* ContentView.swift in Sources */,
				111C65062871C5FA0075DF47 /* MiniProfileView.swift in Sources */,
				1124C0C02872A97700CAD128 /* Font+Ext.swift in Sources */,
				1124C0BC2872A1E200CAD128 /* LessonAlphabetsView.swift in Sources */,
				112BBA27286C8FF20039377A /* ReminderRepository.swift in Sources */,
				111C650C287206410075DF47 /* MiniReminderView.swift in Sources */,
				112B08492870120400905CE5 /* AlphabetService.swift in Sources */,
				1602507C286C63CD008D9D15 /* CameraAlphabet.swift in Sources */,
				1174A155286E93D700BC02BE /* LetterCase.swift in Sources */,
				167124F12872948900ACEB28 /* CardAvatar.swift in Sources */,
				11E159542889801000903E3F /* WatchViewModel.swift in Sources */,
				163430C02873B44F00C6051B /* UserModel.swift in Sources */,
				1124C0C62872FA6900CAD128 /* AudioService.swift in Sources */,
				ADBA0DA7286B472C007DE7A3 /* ReminderNotification.swift in Sources */,
				1124C0B7287291BF00CAD128 /* Color+Ext.swift in Sources */,
				16845B5E2879372E00F366FD /* OverflowContentViewModifier.swift in Sources */,
				11166AC02869C08300E32B87 /* Alphabet.swift in Sources */,
				ADBA0DA9286B4781007DE7A3 /* ReminderView.swift in Sources */,
				1124C0B32872229100CAD128 /* CustomLessonsView.swift in Sources */,
				160250B5286ED7DE008D9D15 /* UserDefault+Ext.swift in Sources */,
				16025080286C6409008D9D15 /* CameraView.swift in Sources */,
				16A6697828784835001AEE0F /* CardSays.swift in Sources */,
				1174A157286ED05700BC02BE /* Seeder.swift in Sources */,
				11C090AC287303BC00A40230 /* CustomLessonAlphabetsView.swift in Sources */,
				1160155B2873211B0034CB02 /* DetailLessonView.swift in Sources */,
				16025083286C642E008D9D15 /* StrokeTextLabel.swift in Sources */,
				16025081286C6409008D9D15 /* CameraPreview.swift in Sources */,
				167124F3287295BD00ACEB28 /* CustomAlphabetView.swift in Sources */,
				16D27005287372E90052814B /* UIScreen+Ext.swift in Sources */,
				114CDF172866A05D0008273B /* LexPlayApp.swift in Sources */,
				11E1595B2889982F00903E3F /* SpeechRecognizerService.swift in Sources */,
				119230DB2870C19D0033F5B3 /* LessonsView.swift in Sources */,
				1124C0BE2872A8DE00CAD128 /* HowToPlayView.swift in Sources */,
				117D8A78287599660016E913 /* NavigationLazyView.swift in Sources */,
				163430BE2873AFE100C6051B /* LetterCaseView.swift in Sources */,
				11D581022875434400027263 /* NSOrderedSet+Ext.swift in Sources */,
				116CDA7228770AFF002E81A7 /* AudioName.swift in Sources */,
				119230D72870AC930033F5B3 /* LessonRepository.swift in Sources */,
				1602508F286D7C9D008D9D15 /* UserAlphabetRepository.swift in Sources */,
				112BBA2F286CC60C0039377A /* UserRepository.swift in Sources */,
				AD6E06642870A74600F3BD76 /* ListProfilesView.swift in Sources */,
				114CDF232866A0600008273B /* LexPlay.xcdatamodeld in Sources */,
				160250AD286EA17E008D9D15 /* FontStyle.swift in Sources */,
				160250AF286EA2D4008D9D15 /* OnboardingView.swift in Sources */,
				166A7C2A2888404F00BCFBFB /* UINavigationController+Ext.swift in Sources */,
			);
			runOnlyForDeploymentPostprocessing = 0;
		};
		11E1591A288936D700903E3F /* Sources */ = {
			isa = PBXSourcesBuildPhase;
			buildActionMask = 2147483647;
			files = (
				11E15942288937F900903E3F /* OnboardingWatch.swift in Sources */,
				11E15928288936D700903E3F /* NotificationController.swift in Sources */,
				11E15948288938BA00903E3F /* FontStyle.swift in Sources */,
				168D54F728894CBC00D418CB /* TestSpeech.swift in Sources */,
				11E15944288937F900903E3F /* LettersListView.swift in Sources */,
				11E15926288936D700903E3F /* ContentView.swift in Sources */,
				11E15947288938AB00903E3F /* Font+Ext.swift in Sources */,
				11E1592C288936D700903E3F /* ComplicationController.swift in Sources */,
				11E15943288937F900903E3F /* ParentView.swift in Sources */,
				11E159462889384300903E3F /* UserDefault+Ext.swift in Sources */,
				11E159452889381000903E3F /* Alphabet.swift in Sources */,
				11E15924288936D700903E3F /* LexPlayApp.swift in Sources */,
				11E15950288974DE00903E3F /* RecordingView.swift in Sources */,
				11E159592889893D00903E3F /* AVAudioSession+Ext.swift in Sources */,
				11E159562889802E00903E3F /* PhoneViewModel.swift in Sources */,
				11E1592A288936D700903E3F /* NotificationView.swift in Sources */,
				11E15952288976A100903E3F /* AudioRecorderViewModel.swift in Sources */,
			);
			runOnlyForDeploymentPostprocessing = 0;
		};
/* End PBXSourcesBuildPhase section */

/* Begin PBXTargetDependency section */
		11E15921288936D700903E3F /* PBXTargetDependency */ = {
			isa = PBXTargetDependency;
			target = 11E1591D288936D700903E3F /* AlphaPlay WatchKit Extension */;
			targetProxy = 11E15920288936D700903E3F /* PBXContainerItemProxy */;
		};
		11E15935288936D800903E3F /* PBXTargetDependency */ = {
			isa = PBXTargetDependency;
			target = 11E15915288936D600903E3F /* AlphaPlay */;
			targetProxy = 11E15934288936D800903E3F /* PBXContainerItemProxy */;
		};
/* End PBXTargetDependency section */

/* Begin XCBuildConfiguration section */
		114CDF242866A0600008273B /* Debug */ = {
			isa = XCBuildConfiguration;
			buildSettings = {
				ALWAYS_SEARCH_USER_PATHS = NO;
				CLANG_ANALYZER_NONNULL = YES;
				CLANG_ANALYZER_NUMBER_OBJECT_CONVERSION = YES_AGGRESSIVE;
				CLANG_CXX_LANGUAGE_STANDARD = "gnu++17";
				CLANG_ENABLE_MODULES = YES;
				CLANG_ENABLE_OBJC_ARC = YES;
				CLANG_ENABLE_OBJC_WEAK = YES;
				CLANG_WARN_BLOCK_CAPTURE_AUTORELEASING = YES;
				CLANG_WARN_BOOL_CONVERSION = YES;
				CLANG_WARN_COMMA = YES;
				CLANG_WARN_CONSTANT_CONVERSION = YES;
				CLANG_WARN_DEPRECATED_OBJC_IMPLEMENTATIONS = YES;
				CLANG_WARN_DIRECT_OBJC_ISA_USAGE = YES_ERROR;
				CLANG_WARN_DOCUMENTATION_COMMENTS = YES;
				CLANG_WARN_EMPTY_BODY = YES;
				CLANG_WARN_ENUM_CONVERSION = YES;
				CLANG_WARN_INFINITE_RECURSION = YES;
				CLANG_WARN_INT_CONVERSION = YES;
				CLANG_WARN_NON_LITERAL_NULL_CONVERSION = YES;
				CLANG_WARN_OBJC_IMPLICIT_RETAIN_SELF = YES;
				CLANG_WARN_OBJC_LITERAL_CONVERSION = YES;
				CLANG_WARN_OBJC_ROOT_CLASS = YES_ERROR;
				CLANG_WARN_QUOTED_INCLUDE_IN_FRAMEWORK_HEADER = YES;
				CLANG_WARN_RANGE_LOOP_ANALYSIS = YES;
				CLANG_WARN_STRICT_PROTOTYPES = YES;
				CLANG_WARN_SUSPICIOUS_MOVE = YES;
				CLANG_WARN_UNGUARDED_AVAILABILITY = YES_AGGRESSIVE;
				CLANG_WARN_UNREACHABLE_CODE = YES;
				CLANG_WARN__DUPLICATE_METHOD_MATCH = YES;
				COPY_PHASE_STRIP = NO;
				DEBUG_INFORMATION_FORMAT = dwarf;
				ENABLE_STRICT_OBJC_MSGSEND = YES;
				ENABLE_TESTABILITY = YES;
				GCC_C_LANGUAGE_STANDARD = gnu11;
				GCC_DYNAMIC_NO_PIC = NO;
				GCC_NO_COMMON_BLOCKS = YES;
				GCC_OPTIMIZATION_LEVEL = 0;
				GCC_PREPROCESSOR_DEFINITIONS = (
					"DEBUG=1",
					"$(inherited)",
				);
				GCC_WARN_64_TO_32_BIT_CONVERSION = YES;
				GCC_WARN_ABOUT_RETURN_TYPE = YES_ERROR;
				GCC_WARN_UNDECLARED_SELECTOR = YES;
				GCC_WARN_UNINITIALIZED_AUTOS = YES_AGGRESSIVE;
				GCC_WARN_UNUSED_FUNCTION = YES;
				GCC_WARN_UNUSED_VARIABLE = YES;
				IPHONEOS_DEPLOYMENT_TARGET = 15.4;
				MTL_ENABLE_DEBUG_INFO = INCLUDE_SOURCE;
				MTL_FAST_MATH = YES;
				ONLY_ACTIVE_ARCH = YES;
				SDKROOT = iphoneos;
				SWIFT_ACTIVE_COMPILATION_CONDITIONS = DEBUG;
				SWIFT_OPTIMIZATION_LEVEL = "-Onone";
			};
			name = Debug;
		};
		114CDF252866A0600008273B /* Release */ = {
			isa = XCBuildConfiguration;
			buildSettings = {
				ALWAYS_SEARCH_USER_PATHS = NO;
				CLANG_ANALYZER_NONNULL = YES;
				CLANG_ANALYZER_NUMBER_OBJECT_CONVERSION = YES_AGGRESSIVE;
				CLANG_CXX_LANGUAGE_STANDARD = "gnu++17";
				CLANG_ENABLE_MODULES = YES;
				CLANG_ENABLE_OBJC_ARC = YES;
				CLANG_ENABLE_OBJC_WEAK = YES;
				CLANG_WARN_BLOCK_CAPTURE_AUTORELEASING = YES;
				CLANG_WARN_BOOL_CONVERSION = YES;
				CLANG_WARN_COMMA = YES;
				CLANG_WARN_CONSTANT_CONVERSION = YES;
				CLANG_WARN_DEPRECATED_OBJC_IMPLEMENTATIONS = YES;
				CLANG_WARN_DIRECT_OBJC_ISA_USAGE = YES_ERROR;
				CLANG_WARN_DOCUMENTATION_COMMENTS = YES;
				CLANG_WARN_EMPTY_BODY = YES;
				CLANG_WARN_ENUM_CONVERSION = YES;
				CLANG_WARN_INFINITE_RECURSION = YES;
				CLANG_WARN_INT_CONVERSION = YES;
				CLANG_WARN_NON_LITERAL_NULL_CONVERSION = YES;
				CLANG_WARN_OBJC_IMPLICIT_RETAIN_SELF = YES;
				CLANG_WARN_OBJC_LITERAL_CONVERSION = YES;
				CLANG_WARN_OBJC_ROOT_CLASS = YES_ERROR;
				CLANG_WARN_QUOTED_INCLUDE_IN_FRAMEWORK_HEADER = YES;
				CLANG_WARN_RANGE_LOOP_ANALYSIS = YES;
				CLANG_WARN_STRICT_PROTOTYPES = YES;
				CLANG_WARN_SUSPICIOUS_MOVE = YES;
				CLANG_WARN_UNGUARDED_AVAILABILITY = YES_AGGRESSIVE;
				CLANG_WARN_UNREACHABLE_CODE = YES;
				CLANG_WARN__DUPLICATE_METHOD_MATCH = YES;
				COPY_PHASE_STRIP = NO;
				DEBUG_INFORMATION_FORMAT = "dwarf-with-dsym";
				ENABLE_NS_ASSERTIONS = NO;
				ENABLE_STRICT_OBJC_MSGSEND = YES;
				GCC_C_LANGUAGE_STANDARD = gnu11;
				GCC_NO_COMMON_BLOCKS = YES;
				GCC_WARN_64_TO_32_BIT_CONVERSION = YES;
				GCC_WARN_ABOUT_RETURN_TYPE = YES_ERROR;
				GCC_WARN_UNDECLARED_SELECTOR = YES;
				GCC_WARN_UNINITIALIZED_AUTOS = YES_AGGRESSIVE;
				GCC_WARN_UNUSED_FUNCTION = YES;
				GCC_WARN_UNUSED_VARIABLE = YES;
				IPHONEOS_DEPLOYMENT_TARGET = 15.4;
				MTL_ENABLE_DEBUG_INFO = NO;
				MTL_FAST_MATH = YES;
				SDKROOT = iphoneos;
				SWIFT_COMPILATION_MODE = wholemodule;
				SWIFT_OPTIMIZATION_LEVEL = "-O";
				VALIDATE_PRODUCT = YES;
			};
			name = Release;
		};
		114CDF272866A0600008273B /* Debug */ = {
			isa = XCBuildConfiguration;
			buildSettings = {
				ASSETCATALOG_COMPILER_APPICON_NAME = AppIcon;
				ASSETCATALOG_COMPILER_GLOBAL_ACCENT_COLOR_NAME = AccentColor;
				CODE_SIGN_STYLE = Automatic;
				CURRENT_PROJECT_VERSION = 1;
				DEVELOPMENT_ASSET_PATHS = "\"LexPlay/Preview Content\"";
				DEVELOPMENT_TEAM = BAFJ582D2S;
				ENABLE_PREVIEWS = YES;
				GENERATE_INFOPLIST_FILE = YES;
				INFOPLIST_FILE = LexPlay/Info.plist;
				INFOPLIST_KEY_NSCameraUsageDescription = "";
				INFOPLIST_KEY_NSMicrophoneUsageDescription = "Mic diperlukan untuk input pengenal suara alfabet";
				INFOPLIST_KEY_NSPhotoLibraryUsageDescription = "";
				INFOPLIST_KEY_NSSpeechRecognitionUsageDescription = "Kamu akan bisa tau apakah alfabet yang kamu ucapkan sudah benar";
				INFOPLIST_KEY_UIApplicationSceneManifest_Generation = YES;
				INFOPLIST_KEY_UIApplicationSupportsIndirectInputEvents = YES;
				INFOPLIST_KEY_UILaunchScreen_Generation = YES;
				INFOPLIST_KEY_UISupportedInterfaceOrientations_iPad = "UIInterfaceOrientationPortrait UIInterfaceOrientationPortraitUpsideDown UIInterfaceOrientationLandscapeLeft UIInterfaceOrientationLandscapeRight";
				INFOPLIST_KEY_UISupportedInterfaceOrientations_iPhone = "UIInterfaceOrientationPortrait UIInterfaceOrientationLandscapeLeft UIInterfaceOrientationLandscapeRight";
				INFOPLIST_KEY_UIUserInterfaceStyle = Light;
				LD_RUNPATH_SEARCH_PATHS = (
					"$(inherited)",
					"@executable_path/Frameworks",
				);
				MARKETING_VERSION = 1.0;
				PRODUCT_BUNDLE_IDENTIFIER = io.github.mfahmialkautsar.LexPlay;
				PRODUCT_NAME = "$(TARGET_NAME)";
				SWIFT_EMIT_LOC_STRINGS = YES;
				SWIFT_VERSION = 5.0;
				TARGETED_DEVICE_FAMILY = "1,2";
			};
			name = Debug;
		};
		114CDF282866A0600008273B /* Release */ = {
			isa = XCBuildConfiguration;
			buildSettings = {
				ASSETCATALOG_COMPILER_APPICON_NAME = AppIcon;
				ASSETCATALOG_COMPILER_GLOBAL_ACCENT_COLOR_NAME = AccentColor;
				CODE_SIGN_STYLE = Automatic;
				CURRENT_PROJECT_VERSION = 1;
				DEVELOPMENT_ASSET_PATHS = "\"LexPlay/Preview Content\"";
				DEVELOPMENT_TEAM = BAFJ582D2S;
				ENABLE_PREVIEWS = YES;
				GENERATE_INFOPLIST_FILE = YES;
				INFOPLIST_FILE = LexPlay/Info.plist;
				INFOPLIST_KEY_NSCameraUsageDescription = "";
				INFOPLIST_KEY_NSMicrophoneUsageDescription = "Mic diperlukan untuk input pengenal suara alfabet";
				INFOPLIST_KEY_NSPhotoLibraryUsageDescription = "";
				INFOPLIST_KEY_NSSpeechRecognitionUsageDescription = "Kamu akan bisa tau apakah alfabet yang kamu ucapkan sudah benar";
				INFOPLIST_KEY_UIApplicationSceneManifest_Generation = YES;
				INFOPLIST_KEY_UIApplicationSupportsIndirectInputEvents = YES;
				INFOPLIST_KEY_UILaunchScreen_Generation = YES;
				INFOPLIST_KEY_UISupportedInterfaceOrientations_iPad = "UIInterfaceOrientationPortrait UIInterfaceOrientationPortraitUpsideDown UIInterfaceOrientationLandscapeLeft UIInterfaceOrientationLandscapeRight";
				INFOPLIST_KEY_UISupportedInterfaceOrientations_iPhone = "UIInterfaceOrientationPortrait UIInterfaceOrientationLandscapeLeft UIInterfaceOrientationLandscapeRight";
				INFOPLIST_KEY_UIUserInterfaceStyle = Light;
				LD_RUNPATH_SEARCH_PATHS = (
					"$(inherited)",
					"@executable_path/Frameworks",
				);
				MARKETING_VERSION = 1.0;
				PRODUCT_BUNDLE_IDENTIFIER = io.github.mfahmialkautsar.LexPlay;
				PRODUCT_NAME = "$(TARGET_NAME)";
				SWIFT_EMIT_LOC_STRINGS = YES;
				SWIFT_VERSION = 5.0;
				TARGETED_DEVICE_FAMILY = "1,2";
			};
			name = Release;
		};
		11E15938288936D800903E3F /* Debug */ = {
			isa = XCBuildConfiguration;
			buildSettings = {
				ASSETCATALOG_COMPILER_COMPLICATION_NAME = Complication;
				CODE_SIGN_STYLE = Automatic;
				CURRENT_PROJECT_VERSION = 1;
				DEVELOPMENT_ASSET_PATHS = "\"AlphaPlay WatchKit Extension/Preview Content\"";
				DEVELOPMENT_TEAM = KVFMXTTSFG;
				ENABLE_PREVIEWS = YES;
				GENERATE_INFOPLIST_FILE = YES;
				INFOPLIST_FILE = "AlphaPlay WatchKit Extension/Info.plist";
				INFOPLIST_KEY_CFBundleDisplayName = "AlphaPlay WatchKit Extension";
				INFOPLIST_KEY_CLKComplicationPrincipalClass = AlphaPlay_WatchKit_Extension.ComplicationController;
				INFOPLIST_KEY_NSHumanReadableCopyright = "";
				LD_RUNPATH_SEARCH_PATHS = (
					"$(inherited)",
					"@executable_path/Frameworks",
					"@executable_path/../../Frameworks",
				);
				MARKETING_VERSION = 1.0;
				PRODUCT_BUNDLE_IDENTIFIER = io.github.mfahmialkautsar.LexPlay.watchkitapp.watchkitextension;
				PRODUCT_NAME = "${TARGET_NAME}";
				SDKROOT = watchos;
				SKIP_INSTALL = YES;
				SWIFT_EMIT_LOC_STRINGS = YES;
				SWIFT_VERSION = 5.0;
				TARGETED_DEVICE_FAMILY = 4;
				WATCHOS_DEPLOYMENT_TARGET = 8.5;
			};
			name = Debug;
		};
		11E15939288936D800903E3F /* Release */ = {
			isa = XCBuildConfiguration;
			buildSettings = {
				ASSETCATALOG_COMPILER_COMPLICATION_NAME = Complication;
				CODE_SIGN_STYLE = Automatic;
				CURRENT_PROJECT_VERSION = 1;
				DEVELOPMENT_ASSET_PATHS = "\"AlphaPlay WatchKit Extension/Preview Content\"";
				DEVELOPMENT_TEAM = KVFMXTTSFG;
				ENABLE_PREVIEWS = YES;
				GENERATE_INFOPLIST_FILE = YES;
				INFOPLIST_FILE = "AlphaPlay WatchKit Extension/Info.plist";
				INFOPLIST_KEY_CFBundleDisplayName = "AlphaPlay WatchKit Extension";
				INFOPLIST_KEY_CLKComplicationPrincipalClass = AlphaPlay_WatchKit_Extension.ComplicationController;
				INFOPLIST_KEY_NSHumanReadableCopyright = "";
				LD_RUNPATH_SEARCH_PATHS = (
					"$(inherited)",
					"@executable_path/Frameworks",
					"@executable_path/../../Frameworks",
				);
				MARKETING_VERSION = 1.0;
				PRODUCT_BUNDLE_IDENTIFIER = io.github.mfahmialkautsar.LexPlay.watchkitapp.watchkitextension;
				PRODUCT_NAME = "${TARGET_NAME}";
				SDKROOT = watchos;
				SKIP_INSTALL = YES;
				SWIFT_EMIT_LOC_STRINGS = YES;
				SWIFT_VERSION = 5.0;
				TARGETED_DEVICE_FAMILY = 4;
				WATCHOS_DEPLOYMENT_TARGET = 8.5;
			};
			name = Release;
		};
		11E1593C288936D800903E3F /* Debug */ = {
			isa = XCBuildConfiguration;
			buildSettings = {
				ALWAYS_EMBED_SWIFT_STANDARD_LIBRARIES = YES;
				ASSETCATALOG_COMPILER_APPICON_NAME = AppIcon;
				ASSETCATALOG_COMPILER_GLOBAL_ACCENT_COLOR_NAME = AccentColor;
				CODE_SIGN_STYLE = Automatic;
				CURRENT_PROJECT_VERSION = 1;
				DEVELOPMENT_TEAM = BAFJ582D2S;
				GENERATE_INFOPLIST_FILE = YES;
				IBSC_MODULE = AlphaPlay_WatchKit_Extension;
				INFOPLIST_KEY_CFBundleDisplayName = AlphaPlay;
				INFOPLIST_KEY_UISupportedInterfaceOrientations = "UIInterfaceOrientationPortrait UIInterfaceOrientationPortraitUpsideDown";
				INFOPLIST_KEY_WKCompanionAppBundleIdentifier = io.github.mfahmialkautsar.LexPlay;
				MARKETING_VERSION = 1.0;
				PRODUCT_BUNDLE_IDENTIFIER = io.github.mfahmialkautsar.LexPlay.watchkitapp;
				PRODUCT_NAME = "$(TARGET_NAME)";
				SDKROOT = watchos;
				SKIP_INSTALL = YES;
				SWIFT_EMIT_LOC_STRINGS = YES;
				SWIFT_VERSION = 5.0;
				TARGETED_DEVICE_FAMILY = 4;
				WATCHOS_DEPLOYMENT_TARGET = 8.5;
			};
			name = Debug;
		};
		11E1593D288936D800903E3F /* Release */ = {
			isa = XCBuildConfiguration;
			buildSettings = {
				ALWAYS_EMBED_SWIFT_STANDARD_LIBRARIES = YES;
				ASSETCATALOG_COMPILER_APPICON_NAME = AppIcon;
				ASSETCATALOG_COMPILER_GLOBAL_ACCENT_COLOR_NAME = AccentColor;
				CODE_SIGN_STYLE = Automatic;
				CURRENT_PROJECT_VERSION = 1;
				DEVELOPMENT_TEAM = BAFJ582D2S;
				GENERATE_INFOPLIST_FILE = YES;
				IBSC_MODULE = AlphaPlay_WatchKit_Extension;
				INFOPLIST_KEY_CFBundleDisplayName = AlphaPlay;
				INFOPLIST_KEY_UISupportedInterfaceOrientations = "UIInterfaceOrientationPortrait UIInterfaceOrientationPortraitUpsideDown";
				INFOPLIST_KEY_WKCompanionAppBundleIdentifier = io.github.mfahmialkautsar.LexPlay;
				MARKETING_VERSION = 1.0;
				PRODUCT_BUNDLE_IDENTIFIER = io.github.mfahmialkautsar.LexPlay.watchkitapp;
				PRODUCT_NAME = "$(TARGET_NAME)";
				SDKROOT = watchos;
				SKIP_INSTALL = YES;
				SWIFT_EMIT_LOC_STRINGS = YES;
				SWIFT_VERSION = 5.0;
				TARGETED_DEVICE_FAMILY = 4;
				WATCHOS_DEPLOYMENT_TARGET = 8.5;
			};
			name = Release;
		};
/* End XCBuildConfiguration section */

/* Begin XCConfigurationList section */
		114CDF0E2866A05D0008273B /* Build configuration list for PBXProject "LexPlay" */ = {
			isa = XCConfigurationList;
			buildConfigurations = (
				114CDF242866A0600008273B /* Debug */,
				114CDF252866A0600008273B /* Release */,
			);
			defaultConfigurationIsVisible = 0;
			defaultConfigurationName = Release;
		};
		114CDF262866A0600008273B /* Build configuration list for PBXNativeTarget "LexPlay" */ = {
			isa = XCConfigurationList;
			buildConfigurations = (
				114CDF272866A0600008273B /* Debug */,
				114CDF282866A0600008273B /* Release */,
			);
			defaultConfigurationIsVisible = 0;
			defaultConfigurationName = Release;
		};
		11E15937288936D800903E3F /* Build configuration list for PBXNativeTarget "AlphaPlay WatchKit Extension" */ = {
			isa = XCConfigurationList;
			buildConfigurations = (
				11E15938288936D800903E3F /* Debug */,
				11E15939288936D800903E3F /* Release */,
			);
			defaultConfigurationIsVisible = 0;
			defaultConfigurationName = Release;
		};
		11E1593B288936D800903E3F /* Build configuration list for PBXNativeTarget "AlphaPlay" */ = {
			isa = XCConfigurationList;
			buildConfigurations = (
				11E1593C288936D800903E3F /* Debug */,
				11E1593D288936D800903E3F /* Release */,
			);
			defaultConfigurationIsVisible = 0;
			defaultConfigurationName = Release;
		};
/* End XCConfigurationList section */

/* Begin XCVersionGroup section */
		114CDF212866A0600008273B /* LexPlay.xcdatamodeld */ = {
			isa = XCVersionGroup;
			children = (
				114CDF222866A0600008273B /* LexPlay.xcdatamodel */,
			);
			currentVersion = 114CDF222866A0600008273B /* LexPlay.xcdatamodel */;
			path = LexPlay.xcdatamodeld;
			sourceTree = "<group>";
			versionGroupType = wrapper.xcdatamodel;
		};
/* End XCVersionGroup section */
	};
	rootObject = 114CDF0B2866A05D0008273B /* Project object */;
}
