// !$*UTF8*$!
{
	archiveVersion = 1;
	classes = {
	};
	objectVersion = 55;
	objects = {

/* Begin PBXBuildFile section */
		11166AC02869C08300E32B87 /* Alphabet.swift in Sources */ = {isa = PBXBuildFile; fileRef = 11166ABF2869C08300E32B87 /* Alphabet.swift */; };
		112BBA27286C8FF20039377A /* ReminderRepository.swift in Sources */ = {isa = PBXBuildFile; fileRef = 112BBA26286C8FF20039377A /* ReminderRepository.swift */; };
		112BBA2C286CA3540039377A /* DummyReminderRepository.swift in Sources */ = {isa = PBXBuildFile; fileRef = 112BBA2B286CA3540039377A /* DummyReminderRepository.swift */; };
		112BBA2F286CC60C0039377A /* UserRepository.swift in Sources */ = {isa = PBXBuildFile; fileRef = 112BBA2E286CC60C0039377A /* UserRepository.swift */; };
		112BBA31286CC7A40039377A /* DummyUserRepository.swift in Sources */ = {isa = PBXBuildFile; fileRef = 112BBA30286CC7A40039377A /* DummyUserRepository.swift */; };
		114CDF172866A05D0008273B /* LexPlayApp.swift in Sources */ = {isa = PBXBuildFile; fileRef = 114CDF162866A05D0008273B /* LexPlayApp.swift */; };
		114CDF192866A05D0008273B /* ContentView.swift in Sources */ = {isa = PBXBuildFile; fileRef = 114CDF182866A05D0008273B /* ContentView.swift */; };
		114CDF1B2866A0600008273B /* Assets.xcassets in Resources */ = {isa = PBXBuildFile; fileRef = 114CDF1A2866A0600008273B /* Assets.xcassets */; };
		114CDF1E2866A0600008273B /* Preview Assets.xcassets in Resources */ = {isa = PBXBuildFile; fileRef = 114CDF1D2866A0600008273B /* Preview Assets.xcassets */; };
		114CDF202866A0600008273B /* Persistence.swift in Sources */ = {isa = PBXBuildFile; fileRef = 114CDF1F2866A0600008273B /* Persistence.swift */; };
		114CDF232866A0600008273B /* LexPlay.xcdatamodeld in Sources */ = {isa = PBXBuildFile; fileRef = 114CDF212866A0600008273B /* LexPlay.xcdatamodeld */; };
		1178D3A32868EA02007A23A0 /* SpeechRecognizer.swift in Sources */ = {isa = PBXBuildFile; fileRef = 1178D3A22868EA02007A23A0 /* SpeechRecognizer.swift */; };
		11C517DA28695D000037943B /* AlphabetRecognitionView.swift in Sources */ = {isa = PBXBuildFile; fileRef = 11C517D928695D000037943B /* AlphabetRecognitionView.swift */; };
		1602507C286C63CD008D9D15 /* CameraModel.swift in Sources */ = {isa = PBXBuildFile; fileRef = 1602507B286C63CD008D9D15 /* CameraModel.swift */; };
		16025080286C6409008D9D15 /* CameraView.swift in Sources */ = {isa = PBXBuildFile; fileRef = 1602507E286C6409008D9D15 /* CameraView.swift */; };
		16025081286C6409008D9D15 /* CameraPreview.swift in Sources */ = {isa = PBXBuildFile; fileRef = 1602507F286C6409008D9D15 /* CameraPreview.swift */; };
		16025083286C642E008D9D15 /* StrokeTextLabel.swift in Sources */ = {isa = PBXBuildFile; fileRef = 16025082286C642E008D9D15 /* StrokeTextLabel.swift */; };
		1602508F286D7C9D008D9D15 /* UserAlphabetRepository.swift in Sources */ = {isa = PBXBuildFile; fileRef = 1602508E286D7C9D008D9D15 /* UserAlphabetRepository.swift */; };
		ADBA0DA7286B472C007DE7A3 /* ReminderNotification.swift in Sources */ = {isa = PBXBuildFile; fileRef = ADBA0DA6286B472C007DE7A3 /* ReminderNotification.swift */; };
		ADBA0DA9286B4781007DE7A3 /* ReminderView.swift in Sources */ = {isa = PBXBuildFile; fileRef = ADBA0DA8286B4781007DE7A3 /* ReminderView.swift */; };
/* End PBXBuildFile section */

/* Begin PBXFileReference section */
		11166ABF2869C08300E32B87 /* Alphabet.swift */ = {isa = PBXFileReference; lastKnownFileType = sourcecode.swift; path = Alphabet.swift; sourceTree = "<group>"; };
		112BBA26286C8FF20039377A /* ReminderRepository.swift */ = {isa = PBXFileReference; lastKnownFileType = sourcecode.swift; path = ReminderRepository.swift; sourceTree = "<group>"; };
		112BBA2B286CA3540039377A /* DummyReminderRepository.swift */ = {isa = PBXFileReference; lastKnownFileType = sourcecode.swift; path = DummyReminderRepository.swift; sourceTree = "<group>"; };
		112BBA2E286CC60C0039377A /* UserRepository.swift */ = {isa = PBXFileReference; lastKnownFileType = sourcecode.swift; path = UserRepository.swift; sourceTree = "<group>"; };
		112BBA30286CC7A40039377A /* DummyUserRepository.swift */ = {isa = PBXFileReference; lastKnownFileType = sourcecode.swift; path = DummyUserRepository.swift; sourceTree = "<group>"; };
		114CDF132866A05D0008273B /* LexPlay.app */ = {isa = PBXFileReference; explicitFileType = wrapper.application; includeInIndex = 0; path = LexPlay.app; sourceTree = BUILT_PRODUCTS_DIR; };
		114CDF162866A05D0008273B /* LexPlayApp.swift */ = {isa = PBXFileReference; lastKnownFileType = sourcecode.swift; path = LexPlayApp.swift; sourceTree = "<group>"; };
		114CDF182866A05D0008273B /* ContentView.swift */ = {isa = PBXFileReference; lastKnownFileType = sourcecode.swift; path = ContentView.swift; sourceTree = "<group>"; };
		114CDF1A2866A0600008273B /* Assets.xcassets */ = {isa = PBXFileReference; lastKnownFileType = folder.assetcatalog; path = Assets.xcassets; sourceTree = "<group>"; };
		114CDF1D2866A0600008273B /* Preview Assets.xcassets */ = {isa = PBXFileReference; lastKnownFileType = folder.assetcatalog; path = "Preview Assets.xcassets"; sourceTree = "<group>"; };
		114CDF1F2866A0600008273B /* Persistence.swift */ = {isa = PBXFileReference; lastKnownFileType = sourcecode.swift; path = Persistence.swift; sourceTree = "<group>"; };
		114CDF222866A0600008273B /* LexPlay.xcdatamodel */ = {isa = PBXFileReference; lastKnownFileType = wrapper.xcdatamodel; path = LexPlay.xcdatamodel; sourceTree = "<group>"; };
		1178D3A22868EA02007A23A0 /* SpeechRecognizer.swift */ = {isa = PBXFileReference; lastKnownFileType = sourcecode.swift; path = SpeechRecognizer.swift; sourceTree = "<group>"; };
		11C517D928695D000037943B /* AlphabetRecognitionView.swift */ = {isa = PBXFileReference; lastKnownFileType = sourcecode.swift; path = AlphabetRecognitionView.swift; sourceTree = "<group>"; };
		1602507B286C63CD008D9D15 /* CameraModel.swift */ = {isa = PBXFileReference; fileEncoding = 4; lastKnownFileType = sourcecode.swift; path = CameraModel.swift; sourceTree = "<group>"; };
		1602507E286C6409008D9D15 /* CameraView.swift */ = {isa = PBXFileReference; fileEncoding = 4; lastKnownFileType = sourcecode.swift; path = CameraView.swift; sourceTree = "<group>"; };
		1602507F286C6409008D9D15 /* CameraPreview.swift */ = {isa = PBXFileReference; fileEncoding = 4; lastKnownFileType = sourcecode.swift; path = CameraPreview.swift; sourceTree = "<group>"; };
		16025082286C642E008D9D15 /* StrokeTextLabel.swift */ = {isa = PBXFileReference; fileEncoding = 4; lastKnownFileType = sourcecode.swift; path = StrokeTextLabel.swift; sourceTree = "<group>"; };
		1602508E286D7C9D008D9D15 /* UserAlphabetRepository.swift */ = {isa = PBXFileReference; lastKnownFileType = sourcecode.swift; path = UserAlphabetRepository.swift; sourceTree = "<group>"; };
		ADBA0DA6286B472C007DE7A3 /* ReminderNotification.swift */ = {isa = PBXFileReference; lastKnownFileType = sourcecode.swift; path = ReminderNotification.swift; sourceTree = "<group>"; };
		ADBA0DA8286B4781007DE7A3 /* ReminderView.swift */ = {isa = PBXFileReference; lastKnownFileType = sourcecode.swift; path = ReminderView.swift; sourceTree = "<group>"; };
/* End PBXFileReference section */

/* Begin PBXFrameworksBuildPhase section */
		114CDF102866A05D0008273B /* Frameworks */ = {
			isa = PBXFrameworksBuildPhase;
			buildActionMask = 2147483647;
			files = (
			);
			runOnlyForDeploymentPostprocessing = 0;
		};
/* End PBXFrameworksBuildPhase section */

/* Begin PBXGroup section */
		112BBA25286C8F8D0039377A /* Repository */ = {
			isa = PBXGroup;
			children = (
				114CDF1F2866A0600008273B /* Persistence.swift */,
				112BBA26286C8FF20039377A /* ReminderRepository.swift */,
				112BBA2E286CC60C0039377A /* UserRepository.swift */,
				1602508E286D7C9D008D9D15 /* UserAlphabetRepository.swift */,
				112BBA2D286CBAF60039377A /* Dummy */,
			);
			path = Repository;
			sourceTree = "<group>";
		};
		112BBA2D286CBAF60039377A /* Dummy */ = {
			isa = PBXGroup;
			children = (
				112BBA2B286CA3540039377A /* DummyReminderRepository.swift */,
				112BBA30286CC7A40039377A /* DummyUserRepository.swift */,
			);
			path = Dummy;
			sourceTree = "<group>";
		};
		112BBA32286CCB740039377A /* Util */ = {
			isa = PBXGroup;
			children = (
			);
			path = Util;
			sourceTree = "<group>";
		};
		114CDF0A2866A05D0008273B = {
			isa = PBXGroup;
			children = (
				114CDF152866A05D0008273B /* LexPlay */,
				114CDF142866A05D0008273B /* Products */,
			);
			sourceTree = "<group>";
		};
		114CDF142866A05D0008273B /* Products */ = {
			isa = PBXGroup;
			children = (
				114CDF132866A05D0008273B /* LexPlay.app */,
			);
			name = Products;
			sourceTree = "<group>";
		};
		114CDF152866A05D0008273B /* LexPlay */ = {
			isa = PBXGroup;
			children = (
				114CDF162866A05D0008273B /* LexPlayApp.swift */,
				16025082286C642E008D9D15 /* StrokeTextLabel.swift */,
				112BBA25286C8F8D0039377A /* Repository */,
				1602507A286C63BF008D9D15 /* Models */,
				119C5996286B25CD00B87768 /* Domain */,
				119C5997286B27A400B87768 /* Controller */,
				1602507D286C63DB008D9D15 /* Views */,
				112BBA32286CCB740039377A /* Util */,
				114CDF1A2866A0600008273B /* Assets.xcassets */,
				114CDF212866A0600008273B /* LexPlay.xcdatamodeld */,
				114CDF1C2866A0600008273B /* Preview Content */,
			);
			path = LexPlay;
			sourceTree = "<group>";
		};
		114CDF1C2866A0600008273B /* Preview Content */ = {
			isa = PBXGroup;
			children = (
				114CDF1D2866A0600008273B /* Preview Assets.xcassets */,
			);
			path = "Preview Content";
			sourceTree = "<group>";
		};
		119C5996286B25CD00B87768 /* Domain */ = {
			isa = PBXGroup;
			children = (
				119C5998286B27C600B87768 /* Enum */,
			);
			path = Domain;
			sourceTree = "<group>";
		};
		119C5997286B27A400B87768 /* Controller */ = {
			isa = PBXGroup;
			children = (
				1178D3A22868EA02007A23A0 /* SpeechRecognizer.swift */,
				ADBA0DA6286B472C007DE7A3 /* ReminderNotification.swift */,
			);
			path = Controller;
			sourceTree = "<group>";
		};
		119C5998286B27C600B87768 /* Enum */ = {
			isa = PBXGroup;
			children = (
				11166ABF2869C08300E32B87 /* Alphabet.swift */,
			);
			path = Enum;
			sourceTree = "<group>";
		};
		1602507A286C63BF008D9D15 /* Models */ = {
			isa = PBXGroup;
			children = (
				1602507B286C63CD008D9D15 /* CameraModel.swift */,
			);
			path = Models;
			sourceTree = "<group>";
		};
		1602507D286C63DB008D9D15 /* Views */ = {
			isa = PBXGroup;
			children = (
				1602507F286C6409008D9D15 /* CameraPreview.swift */,
				1602507E286C6409008D9D15 /* CameraView.swift */,
				11C517D928695D000037943B /* AlphabetRecognitionView.swift */,
				ADBA0DA8286B4781007DE7A3 /* ReminderView.swift */,
				114CDF182866A05D0008273B /* ContentView.swift */,
			);
			path = Views;
			sourceTree = "<group>";
		};
/* End PBXGroup section */

/* Begin PBXNativeTarget section */
		114CDF122866A05D0008273B /* LexPlay */ = {
			isa = PBXNativeTarget;
			buildConfigurationList = 114CDF262866A0600008273B /* Build configuration list for PBXNativeTarget "LexPlay" */;
			buildPhases = (
				114CDF0F2866A05D0008273B /* Sources */,
				114CDF102866A05D0008273B /* Frameworks */,
				114CDF112866A05D0008273B /* Resources */,
			);
			buildRules = (
			);
			dependencies = (
			);
			name = LexPlay;
			productName = LexPlay;
			productReference = 114CDF132866A05D0008273B /* LexPlay.app */;
			productType = "com.apple.product-type.application";
		};
/* End PBXNativeTarget section */

/* Begin PBXProject section */
		114CDF0B2866A05D0008273B /* Project object */ = {
			isa = PBXProject;
			attributes = {
				BuildIndependentTargetsInParallel = 1;
				LastSwiftUpdateCheck = 1330;
				LastUpgradeCheck = 1330;
				TargetAttributes = {
					114CDF122866A05D0008273B = {
						CreatedOnToolsVersion = 13.3.1;
					};
				};
			};
			buildConfigurationList = 114CDF0E2866A05D0008273B /* Build configuration list for PBXProject "LexPlay" */;
			compatibilityVersion = "Xcode 13.0";
			developmentRegion = en;
			hasScannedForEncodings = 0;
			knownRegions = (
				en,
				Base,
			);
			mainGroup = 114CDF0A2866A05D0008273B;
			productRefGroup = 114CDF142866A05D0008273B /* Products */;
			projectDirPath = "";
			projectRoot = "";
			targets = (
				114CDF122866A05D0008273B /* LexPlay */,
			);
		};
/* End PBXProject section */

/* Begin PBXResourcesBuildPhase section */
		114CDF112866A05D0008273B /* Resources */ = {
			isa = PBXResourcesBuildPhase;
			buildActionMask = 2147483647;
			files = (
				114CDF1E2866A0600008273B /* Preview Assets.xcassets in Resources */,
				114CDF1B2866A0600008273B /* Assets.xcassets in Resources */,
			);
			runOnlyForDeploymentPostprocessing = 0;
		};
/* End PBXResourcesBuildPhase section */

/* Begin PBXSourcesBuildPhase section */
		114CDF0F2866A05D0008273B /* Sources */ = {
			isa = PBXSourcesBuildPhase;
			buildActionMask = 2147483647;
			files = (
				114CDF202866A0600008273B /* Persistence.swift in Sources */,
				112BBA31286CC7A40039377A /* DummyUserRepository.swift in Sources */,
				1178D3A32868EA02007A23A0 /* SpeechRecognizer.swift in Sources */,
				112BBA27286C8FF20039377A /* ReminderRepository.swift in Sources */,
				1602507C286C63CD008D9D15 /* CameraModel.swift in Sources */,
				ADBA0DA7286B472C007DE7A3 /* ReminderNotification.swift in Sources */,
				11C517DA28695D000037943B /* AlphabetRecognitionView.swift in Sources */,
				11166AC02869C08300E32B87 /* Alphabet.swift in Sources */,
				ADBA0DA9286B4781007DE7A3 /* ReminderView.swift in Sources */,
				16025080286C6409008D9D15 /* CameraView.swift in Sources */,
				16025083286C642E008D9D15 /* StrokeTextLabel.swift in Sources */,
				114CDF192866A05D0008273B /* ContentView.swift in Sources */,
				112BBA2C286CA3540039377A /* DummyReminderRepository.swift in Sources */,
				16025081286C6409008D9D15 /* CameraPreview.swift in Sources */,
				114CDF172866A05D0008273B /* LexPlayApp.swift in Sources */,
				1602508F286D7C9D008D9D15 /* UserAlphabetRepository.swift in Sources */,
				112BBA2F286CC60C0039377A /* UserRepository.swift in Sources */,
				114CDF232866A0600008273B /* LexPlay.xcdatamodeld in Sources */,
			);
			runOnlyForDeploymentPostprocessing = 0;
		};
/* End PBXSourcesBuildPhase section */

/* Begin XCBuildConfiguration section */
		114CDF242866A0600008273B /* Debug */ = {
			isa = XCBuildConfiguration;
			buildSettings = {
				ALWAYS_SEARCH_USER_PATHS = NO;
				CLANG_ANALYZER_NONNULL = YES;
				CLANG_ANALYZER_NUMBER_OBJECT_CONVERSION = YES_AGGRESSIVE;
				CLANG_CXX_LANGUAGE_STANDARD = "gnu++17";
				CLANG_ENABLE_MODULES = YES;
				CLANG_ENABLE_OBJC_ARC = YES;
				CLANG_ENABLE_OBJC_WEAK = YES;
				CLANG_WARN_BLOCK_CAPTURE_AUTORELEASING = YES;
				CLANG_WARN_BOOL_CONVERSION = YES;
				CLANG_WARN_COMMA = YES;
				CLANG_WARN_CONSTANT_CONVERSION = YES;
				CLANG_WARN_DEPRECATED_OBJC_IMPLEMENTATIONS = YES;
				CLANG_WARN_DIRECT_OBJC_ISA_USAGE = YES_ERROR;
				CLANG_WARN_DOCUMENTATION_COMMENTS = YES;
				CLANG_WARN_EMPTY_BODY = YES;
				CLANG_WARN_ENUM_CONVERSION = YES;
				CLANG_WARN_INFINITE_RECURSION = YES;
				CLANG_WARN_INT_CONVERSION = YES;
				CLANG_WARN_NON_LITERAL_NULL_CONVERSION = YES;
				CLANG_WARN_OBJC_IMPLICIT_RETAIN_SELF = YES;
				CLANG_WARN_OBJC_LITERAL_CONVERSION = YES;
				CLANG_WARN_OBJC_ROOT_CLASS = YES_ERROR;
				CLANG_WARN_QUOTED_INCLUDE_IN_FRAMEWORK_HEADER = YES;
				CLANG_WARN_RANGE_LOOP_ANALYSIS = YES;
				CLANG_WARN_STRICT_PROTOTYPES = YES;
				CLANG_WARN_SUSPICIOUS_MOVE = YES;
				CLANG_WARN_UNGUARDED_AVAILABILITY = YES_AGGRESSIVE;
				CLANG_WARN_UNREACHABLE_CODE = YES;
				CLANG_WARN__DUPLICATE_METHOD_MATCH = YES;
				COPY_PHASE_STRIP = NO;
				DEBUG_INFORMATION_FORMAT = dwarf;
				ENABLE_STRICT_OBJC_MSGSEND = YES;
				ENABLE_TESTABILITY = YES;
				GCC_C_LANGUAGE_STANDARD = gnu11;
				GCC_DYNAMIC_NO_PIC = NO;
				GCC_NO_COMMON_BLOCKS = YES;
				GCC_OPTIMIZATION_LEVEL = 0;
				GCC_PREPROCESSOR_DEFINITIONS = (
					"DEBUG=1",
					"$(inherited)",
				);
				GCC_WARN_64_TO_32_BIT_CONVERSION = YES;
				GCC_WARN_ABOUT_RETURN_TYPE = YES_ERROR;
				GCC_WARN_UNDECLARED_SELECTOR = YES;
				GCC_WARN_UNINITIALIZED_AUTOS = YES_AGGRESSIVE;
				GCC_WARN_UNUSED_FUNCTION = YES;
				GCC_WARN_UNUSED_VARIABLE = YES;
				IPHONEOS_DEPLOYMENT_TARGET = 15.4;
				MTL_ENABLE_DEBUG_INFO = INCLUDE_SOURCE;
				MTL_FAST_MATH = YES;
				ONLY_ACTIVE_ARCH = YES;
				SDKROOT = iphoneos;
				SWIFT_ACTIVE_COMPILATION_CONDITIONS = DEBUG;
				SWIFT_OPTIMIZATION_LEVEL = "-Onone";
			};
			name = Debug;
		};
		114CDF252866A0600008273B /* Release */ = {
			isa = XCBuildConfiguration;
			buildSettings = {
				ALWAYS_SEARCH_USER_PATHS = NO;
				CLANG_ANALYZER_NONNULL = YES;
				CLANG_ANALYZER_NUMBER_OBJECT_CONVERSION = YES_AGGRESSIVE;
				CLANG_CXX_LANGUAGE_STANDARD = "gnu++17";
				CLANG_ENABLE_MODULES = YES;
				CLANG_ENABLE_OBJC_ARC = YES;
				CLANG_ENABLE_OBJC_WEAK = YES;
				CLANG_WARN_BLOCK_CAPTURE_AUTORELEASING = YES;
				CLANG_WARN_BOOL_CONVERSION = YES;
				CLANG_WARN_COMMA = YES;
				CLANG_WARN_CONSTANT_CONVERSION = YES;
				CLANG_WARN_DEPRECATED_OBJC_IMPLEMENTATIONS = YES;
				CLANG_WARN_DIRECT_OBJC_ISA_USAGE = YES_ERROR;
				CLANG_WARN_DOCUMENTATION_COMMENTS = YES;
				CLANG_WARN_EMPTY_BODY = YES;
				CLANG_WARN_ENUM_CONVERSION = YES;
				CLANG_WARN_INFINITE_RECURSION = YES;
				CLANG_WARN_INT_CONVERSION = YES;
				CLANG_WARN_NON_LITERAL_NULL_CONVERSION = YES;
				CLANG_WARN_OBJC_IMPLICIT_RETAIN_SELF = YES;
				CLANG_WARN_OBJC_LITERAL_CONVERSION = YES;
				CLANG_WARN_OBJC_ROOT_CLASS = YES_ERROR;
				CLANG_WARN_QUOTED_INCLUDE_IN_FRAMEWORK_HEADER = YES;
				CLANG_WARN_RANGE_LOOP_ANALYSIS = YES;
				CLANG_WARN_STRICT_PROTOTYPES = YES;
				CLANG_WARN_SUSPICIOUS_MOVE = YES;
				CLANG_WARN_UNGUARDED_AVAILABILITY = YES_AGGRESSIVE;
				CLANG_WARN_UNREACHABLE_CODE = YES;
				CLANG_WARN__DUPLICATE_METHOD_MATCH = YES;
				COPY_PHASE_STRIP = NO;
				DEBUG_INFORMATION_FORMAT = "dwarf-with-dsym";
				ENABLE_NS_ASSERTIONS = NO;
				ENABLE_STRICT_OBJC_MSGSEND = YES;
				GCC_C_LANGUAGE_STANDARD = gnu11;
				GCC_NO_COMMON_BLOCKS = YES;
				GCC_WARN_64_TO_32_BIT_CONVERSION = YES;
				GCC_WARN_ABOUT_RETURN_TYPE = YES_ERROR;
				GCC_WARN_UNDECLARED_SELECTOR = YES;
				GCC_WARN_UNINITIALIZED_AUTOS = YES_AGGRESSIVE;
				GCC_WARN_UNUSED_FUNCTION = YES;
				GCC_WARN_UNUSED_VARIABLE = YES;
				IPHONEOS_DEPLOYMENT_TARGET = 15.4;
				MTL_ENABLE_DEBUG_INFO = NO;
				MTL_FAST_MATH = YES;
				SDKROOT = iphoneos;
				SWIFT_COMPILATION_MODE = wholemodule;
				SWIFT_OPTIMIZATION_LEVEL = "-O";
				VALIDATE_PRODUCT = YES;
			};
			name = Release;
		};
		114CDF272866A0600008273B /* Debug */ = {
			isa = XCBuildConfiguration;
			buildSettings = {
				ASSETCATALOG_COMPILER_APPICON_NAME = AppIcon;
				ASSETCATALOG_COMPILER_GLOBAL_ACCENT_COLOR_NAME = AccentColor;
				CODE_SIGN_STYLE = Automatic;
				CURRENT_PROJECT_VERSION = 1;
				DEVELOPMENT_ASSET_PATHS = "\"LexPlay/Preview Content\"";
				DEVELOPMENT_TEAM = KVFMXTTSFG;
				ENABLE_PREVIEWS = YES;
				GENERATE_INFOPLIST_FILE = YES;
				INFOPLIST_KEY_NSCameraUsageDescription = "";
				INFOPLIST_KEY_NSMicrophoneUsageDescription = "";
				INFOPLIST_KEY_NSPhotoLibraryUsageDescription = "";
				INFOPLIST_KEY_NSSpeechRecognitionUsageDescription = "";
				INFOPLIST_KEY_UIApplicationSceneManifest_Generation = YES;
				INFOPLIST_KEY_UIApplicationSupportsIndirectInputEvents = YES;
				INFOPLIST_KEY_UILaunchScreen_Generation = YES;
				INFOPLIST_KEY_UISupportedInterfaceOrientations_iPad = "UIInterfaceOrientationPortrait UIInterfaceOrientationPortraitUpsideDown UIInterfaceOrientationLandscapeLeft UIInterfaceOrientationLandscapeRight";
				INFOPLIST_KEY_UISupportedInterfaceOrientations_iPhone = "UIInterfaceOrientationPortrait UIInterfaceOrientationLandscapeLeft UIInterfaceOrientationLandscapeRight";
				LD_RUNPATH_SEARCH_PATHS = (
					"$(inherited)",
					"@executable_path/Frameworks",
				);
				MARKETING_VERSION = 1.0;
				PRODUCT_BUNDLE_IDENTIFIER = io.github.mfahmialkautsar.LexPlay;
				PRODUCT_NAME = "$(TARGET_NAME)";
				SWIFT_EMIT_LOC_STRINGS = YES;
				SWIFT_VERSION = 5.0;
				TARGETED_DEVICE_FAMILY = "1,2";
			};
			name = Debug;
		};
		114CDF282866A0600008273B /* Release */ = {
			isa = XCBuildConfiguration;
			buildSettings = {
				ASSETCATALOG_COMPILER_APPICON_NAME = AppIcon;
				ASSETCATALOG_COMPILER_GLOBAL_ACCENT_COLOR_NAME = AccentColor;
				CODE_SIGN_STYLE = Automatic;
				CURRENT_PROJECT_VERSION = 1;
				DEVELOPMENT_ASSET_PATHS = "\"LexPlay/Preview Content\"";
				DEVELOPMENT_TEAM = KVFMXTTSFG;
				ENABLE_PREVIEWS = YES;
				GENERATE_INFOPLIST_FILE = YES;
				INFOPLIST_KEY_NSCameraUsageDescription = "";
				INFOPLIST_KEY_NSMicrophoneUsageDescription = "";
				INFOPLIST_KEY_NSPhotoLibraryUsageDescription = "";
				INFOPLIST_KEY_NSSpeechRecognitionUsageDescription = "";
				INFOPLIST_KEY_UIApplicationSceneManifest_Generation = YES;
				INFOPLIST_KEY_UIApplicationSupportsIndirectInputEvents = YES;
				INFOPLIST_KEY_UILaunchScreen_Generation = YES;
				INFOPLIST_KEY_UISupportedInterfaceOrientations_iPad = "UIInterfaceOrientationPortrait UIInterfaceOrientationPortraitUpsideDown UIInterfaceOrientationLandscapeLeft UIInterfaceOrientationLandscapeRight";
				INFOPLIST_KEY_UISupportedInterfaceOrientations_iPhone = "UIInterfaceOrientationPortrait UIInterfaceOrientationLandscapeLeft UIInterfaceOrientationLandscapeRight";
				LD_RUNPATH_SEARCH_PATHS = (
					"$(inherited)",
					"@executable_path/Frameworks",
				);
				MARKETING_VERSION = 1.0;
				PRODUCT_BUNDLE_IDENTIFIER = io.github.mfahmialkautsar.LexPlay;
				PRODUCT_NAME = "$(TARGET_NAME)";
				SWIFT_EMIT_LOC_STRINGS = YES;
				SWIFT_VERSION = 5.0;
				TARGETED_DEVICE_FAMILY = "1,2";
			};
			name = Release;
		};
/* End XCBuildConfiguration section */

/* Begin XCConfigurationList section */
		114CDF0E2866A05D0008273B /* Build configuration list for PBXProject "LexPlay" */ = {
			isa = XCConfigurationList;
			buildConfigurations = (
				114CDF242866A0600008273B /* Debug */,
				114CDF252866A0600008273B /* Release */,
			);
			defaultConfigurationIsVisible = 0;
			defaultConfigurationName = Release;
		};
		114CDF262866A0600008273B /* Build configuration list for PBXNativeTarget "LexPlay" */ = {
			isa = XCConfigurationList;
			buildConfigurations = (
				114CDF272866A0600008273B /* Debug */,
				114CDF282866A0600008273B /* Release */,
			);
			defaultConfigurationIsVisible = 0;
			defaultConfigurationName = Release;
		};
/* End XCConfigurationList section */

/* Begin XCVersionGroup section */
		114CDF212866A0600008273B /* LexPlay.xcdatamodeld */ = {
			isa = XCVersionGroup;
			children = (
				114CDF222866A0600008273B /* LexPlay.xcdatamodel */,
			);
			currentVersion = 114CDF222866A0600008273B /* LexPlay.xcdatamodel */;
			path = LexPlay.xcdatamodeld;
			sourceTree = "<group>";
			versionGroupType = wrapper.xcdatamodel;
		};
/* End XCVersionGroup section */
	};
	rootObject = 114CDF0B2866A05D0008273B /* Project object */;
}
